{
  "object": {
    "pins": [
      {
        "package": "Segment",
        "repositoryURL": "https://github.com/segmentio/analytics-ios.git",
        "state": {
          "branch": null,
          "revision": "187faa897c826fe0954124da116db3318242f7c3",
          "version": "4.1.4"
        }
      },
      {
        "package": "AppsFlyerLib",
        "repositoryURL": "https://github.com/AppsFlyerSDK/AppsFlyerFramework.git",
        "state": {
          "branch": null,
          "revision": "bf8e8a26a247107464ecd9d86c62931c5139435e",
          "version": "6.3.0"
        }
      }
    ]
  },
  "version": 1
}
