{
  "object": {
    "pins": [
      {
        "package": "Segment",
        "repositoryURL": "https://github.com/segmentio/analytics-ios.git",
        "state": {
          "branch": null,
          "revision": "187faa897c826fe0954124da116db3318242f7c3",
          "version": "4.1.4"
        }
      },
      {
        "package": "AppsFlyerLib",
        "repositoryURL": "https://github.com/AppsFlyerSDK/AppsFlyerFramework.git",
        "state": {
          "branch": null,
          "revision": "7b162ef3f658b7a085d9d69cf9c30655aea3b8b0",
          "version": "6.3.5"
        }
      }
    ]
  },
  "version": 1
}
