// !$*UTF8*$!
{
	archiveVersion = 1;
	classes = {
	};
	objectVersion = 51;
	objects = {

/* Begin PBXBuildFile section */
		9D3846BD24E4312900F767E4 /* AppDelegate.m in Sources */ = {isa = PBXBuildFile; fileRef = 9D3846BC24E4312900F767E4 /* AppDelegate.m */; };
		9D3846C024E4312900F767E4 /* SceneDelegate.m in Sources */ = {isa = PBXBuildFile; fileRef = 9D3846BF24E4312900F767E4 /* SceneDelegate.m */; };
		9D3846C324E4312900F767E4 /* ViewController.m in Sources */ = {isa = PBXBuildFile; fileRef = 9D3846C224E4312900F767E4 /* ViewController.m */; };
		9D3846C624E4312900F767E4 /* Main.storyboard in Resources */ = {isa = PBXBuildFile; fileRef = 9D3846C424E4312900F767E4 /* Main.storyboard */; };
		9D3846C824E4312A00F767E4 /* Assets.xcassets in Resources */ = {isa = PBXBuildFile; fileRef = 9D3846C724E4312A00F767E4 /* Assets.xcassets */; };
		9D3846CB24E4312A00F767E4 /* LaunchScreen.storyboard in Resources */ = {isa = PBXBuildFile; fileRef = 9D3846C924E4312A00F767E4 /* LaunchScreen.storyboard */; };
		9D3846CE24E4312A00F767E4 /* main.m in Sources */ = {isa = PBXBuildFile; fileRef = 9D3846CD24E4312A00F767E4 /* main.m */; };
		9DF8CB422508C2FA005AAA78 /* AppTrackingTransparency.framework in Frameworks */ = {isa = PBXBuildFile; fileRef = 9DF8CB412508C2FA005AAA78 /* AppTrackingTransparency.framework */; };
		B902ED3D41E418D94F46B7E2 /* Pods_ObjcPodsSample.framework in Frameworks */ = {isa = PBXBuildFile; fileRef = 8C980146D2A4D698A1B619AE /* Pods_ObjcPodsSample.framework */; };
/* End PBXBuildFile section */

/* Begin PBXFileReference section */
		1D3B49A670BC0B5ACE81C1C4 /* Pods-ObjcPodsSample.debug.xcconfig */ = {isa = PBXFileReference; includeInIndex = 1; lastKnownFileType = text.xcconfig; name = "Pods-ObjcPodsSample.debug.xcconfig"; path = "Target Support Files/Pods-ObjcPodsSample/Pods-ObjcPodsSample.debug.xcconfig"; sourceTree = "<group>"; };
		8C980146D2A4D698A1B619AE /* Pods_ObjcPodsSample.framework */ = {isa = PBXFileReference; explicitFileType = wrapper.framework; includeInIndex = 0; path = Pods_ObjcPodsSample.framework; sourceTree = BUILT_PRODUCTS_DIR; };
		912730F3B85AB5DA1A3F3EA6 /* Pods-ObjcPodsSample.release.xcconfig */ = {isa = PBXFileReference; includeInIndex = 1; lastKnownFileType = text.xcconfig; name = "Pods-ObjcPodsSample.release.xcconfig"; path = "Target Support Files/Pods-ObjcPodsSample/Pods-ObjcPodsSample.release.xcconfig"; sourceTree = "<group>"; };
		9D3846B824E4312900F767E4 /* ObjcPodsSample.app */ = {isa = PBXFileReference; explicitFileType = wrapper.application; includeInIndex = 0; path = ObjcPodsSample.app; sourceTree = BUILT_PRODUCTS_DIR; };
		9D3846BB24E4312900F767E4 /* AppDelegate.h */ = {isa = PBXFileReference; lastKnownFileType = sourcecode.c.h; path = AppDelegate.h; sourceTree = "<group>"; };
		9D3846BC24E4312900F767E4 /* AppDelegate.m */ = {isa = PBXFileReference; lastKnownFileType = sourcecode.c.objc; path = AppDelegate.m; sourceTree = "<group>"; };
		9D3846BE24E4312900F767E4 /* SceneDelegate.h */ = {isa = PBXFileReference; lastKnownFileType = sourcecode.c.h; path = SceneDelegate.h; sourceTree = "<group>"; };
		9D3846BF24E4312900F767E4 /* SceneDelegate.m */ = {isa = PBXFileReference; lastKnownFileType = sourcecode.c.objc; path = SceneDelegate.m; sourceTree = "<group>"; };
		9D3846C124E4312900F767E4 /* ViewController.h */ = {isa = PBXFileReference; lastKnownFileType = sourcecode.c.h; path = ViewController.h; sourceTree = "<group>"; };
		9D3846C224E4312900F767E4 /* ViewController.m */ = {isa = PBXFileReference; lastKnownFileType = sourcecode.c.objc; path = ViewController.m; sourceTree = "<group>"; };
		9D3846C524E4312900F767E4 /* Base */ = {isa = PBXFileReference; lastKnownFileType = file.storyboard; name = Base; path = Base.lproj/Main.storyboard; sourceTree = "<group>"; };
		9D3846C724E4312A00F767E4 /* Assets.xcassets */ = {isa = PBXFileReference; lastKnownFileType = folder.assetcatalog; path = Assets.xcassets; sourceTree = "<group>"; };
		9D3846CA24E4312A00F767E4 /* Base */ = {isa = PBXFileReference; lastKnownFileType = file.storyboard; name = Base; path = Base.lproj/LaunchScreen.storyboard; sourceTree = "<group>"; };
		9D3846CC24E4312A00F767E4 /* Info.plist */ = {isa = PBXFileReference; lastKnownFileType = text.plist.xml; path = Info.plist; sourceTree = "<group>"; };
		9D3846CD24E4312A00F767E4 /* main.m */ = {isa = PBXFileReference; lastKnownFileType = sourcecode.c.objc; path = main.m; sourceTree = "<group>"; };
		9DF8CB412508C2FA005AAA78 /* AppTrackingTransparency.framework */ = {isa = PBXFileReference; lastKnownFileType = wrapper.framework; name = AppTrackingTransparency.framework; path = System/Library/Frameworks/AppTrackingTransparency.framework; sourceTree = SDKROOT; };
/* End PBXFileReference section */

/* Begin PBXFrameworksBuildPhase section */
		9D3846B524E4312900F767E4 /* Frameworks */ = {
			isa = PBXFrameworksBuildPhase;
			buildActionMask = 2147483647;
			files = (
				B902ED3D41E418D94F46B7E2 /* Pods_ObjcPodsSample.framework in Frameworks */,
				9DF8CB422508C2FA005AAA78 /* AppTrackingTransparency.framework in Frameworks */,
			);
			runOnlyForDeploymentPostprocessing = 0;
		};
/* End PBXFrameworksBuildPhase section */

/* Begin PBXGroup section */
		39E805A72CF91DB8F84935F1 /* Frameworks */ = {
			isa = PBXGroup;
			children = (
				9DF8CB412508C2FA005AAA78 /* AppTrackingTransparency.framework */,
				8C980146D2A4D698A1B619AE /* Pods_ObjcPodsSample.framework */,
			);
			name = Frameworks;
			sourceTree = "<group>";
		};
		99DC66B56D17144CC636CB4C /* Pods */ = {
			isa = PBXGroup;
			children = (
				1D3B49A670BC0B5ACE81C1C4 /* Pods-ObjcPodsSample.debug.xcconfig */,
				912730F3B85AB5DA1A3F3EA6 /* Pods-ObjcPodsSample.release.xcconfig */,
			);
			path = Pods;
			sourceTree = "<group>";
		};
		9D3846AF24E4312800F767E4 = {
			isa = PBXGroup;
			children = (
				9D3846BA24E4312900F767E4 /* ObjcPodsSample */,
				9D3846B924E4312900F767E4 /* Products */,
				99DC66B56D17144CC636CB4C /* Pods */,
				39E805A72CF91DB8F84935F1 /* Frameworks */,
			);
			sourceTree = "<group>";
		};
		9D3846B924E4312900F767E4 /* Products */ = {
			isa = PBXGroup;
			children = (
				9D3846B824E4312900F767E4 /* ObjcPodsSample.app */,
			);
			name = Products;
			sourceTree = "<group>";
		};
		9D3846BA24E4312900F767E4 /* ObjcPodsSample */ = {
			isa = PBXGroup;
			children = (
				9D3846BB24E4312900F767E4 /* AppDelegate.h */,
				9D3846BC24E4312900F767E4 /* AppDelegate.m */,
				9D3846BE24E4312900F767E4 /* SceneDelegate.h */,
				9D3846BF24E4312900F767E4 /* SceneDelegate.m */,
				9D3846C124E4312900F767E4 /* ViewController.h */,
				9D3846C224E4312900F767E4 /* ViewController.m */,
				9D3846C424E4312900F767E4 /* Main.storyboard */,
				9D3846C724E4312A00F767E4 /* Assets.xcassets */,
				9D3846C924E4312A00F767E4 /* LaunchScreen.storyboard */,
				9D3846CC24E4312A00F767E4 /* Info.plist */,
				9D3846CD24E4312A00F767E4 /* main.m */,
			);
			path = ObjcPodsSample;
			sourceTree = "<group>";
		};
/* End PBXGroup section */

/* Begin PBXNativeTarget section */
		9D3846B724E4312900F767E4 /* ObjcPodsSample */ = {
			isa = PBXNativeTarget;
			buildConfigurationList = 9D3846D124E4312A00F767E4 /* Build configuration list for PBXNativeTarget "ObjcPodsSample" */;
			buildPhases = (
				DE322D6CAA7CF6E7584193F8 /* [CP] Check Pods Manifest.lock */,
				9D3846B424E4312900F767E4 /* Sources */,
				9D3846B524E4312900F767E4 /* Frameworks */,
				9D3846B624E4312900F767E4 /* Resources */,
				7205A6CD90D4EDB49FD64543 /* [CP] Embed Pods Frameworks */,
			);
			buildRules = (
			);
			dependencies = (
			);
			name = ObjcPodsSample;
			productName = ObjcPodsSample;
			productReference = 9D3846B824E4312900F767E4 /* ObjcPodsSample.app */;
			productType = "com.apple.product-type.application";
		};
/* End PBXNativeTarget section */

/* Begin PBXProject section */
		9D3846B024E4312800F767E4 /* Project object */ = {
			isa = PBXProject;
			attributes = {
				LastUpgradeCheck = 1200;
				TargetAttributes = {
					9D3846B724E4312900F767E4 = {
						CreatedOnToolsVersion = 12.0;
					};
				};
			};
			buildConfigurationList = 9D3846B324E4312800F767E4 /* Build configuration list for PBXProject "ObjcPodsSample" */;
			compatibilityVersion = "Xcode 9.3";
			developmentRegion = en;
			hasScannedForEncodings = 0;
			knownRegions = (
				en,
				Base,
			);
			mainGroup = 9D3846AF24E4312800F767E4;
			productRefGroup = 9D3846B924E4312900F767E4 /* Products */;
			projectDirPath = "";
			projectRoot = "";
			targets = (
				9D3846B724E4312900F767E4 /* ObjcPodsSample */,
			);
		};
/* End PBXProject section */

/* Begin PBXResourcesBuildPhase section */
		9D3846B624E4312900F767E4 /* Resources */ = {
			isa = PBXResourcesBuildPhase;
			buildActionMask = 2147483647;
			files = (
				9D3846CB24E4312A00F767E4 /* LaunchScreen.storyboard in Resources */,
				9D3846C824E4312A00F767E4 /* Assets.xcassets in Resources */,
				9D3846C624E4312900F767E4 /* Main.storyboard in Resources */,
			);
			runOnlyForDeploymentPostprocessing = 0;
		};
/* End PBXResourcesBuildPhase section */

/* Begin PBXShellScriptBuildPhase section */
		7205A6CD90D4EDB49FD64543 /* [CP] Embed Pods Frameworks */ = {
			isa = PBXShellScriptBuildPhase;
			buildActionMask = 2147483647;
			files = (
			);
			inputFileListPaths = (
				"${PODS_ROOT}/Target Support Files/Pods-ObjcPodsSample/Pods-ObjcPodsSample-frameworks-${CONFIGURATION}-input-files.xcfilelist",
			);
			name = "[CP] Embed Pods Frameworks";
			outputFileListPaths = (
				"${PODS_ROOT}/Target Support Files/Pods-ObjcPodsSample/Pods-ObjcPodsSample-frameworks-${CONFIGURATION}-output-files.xcfilelist",
			);
			runOnlyForDeploymentPostprocessing = 0;
			shellPath = /bin/sh;
			shellScript = "\"${PODS_ROOT}/Target Support Files/Pods-ObjcPodsSample/Pods-ObjcPodsSample-frameworks.sh\"\n";
			showEnvVarsInLog = 0;
		};
		DE322D6CAA7CF6E7584193F8 /* [CP] Check Pods Manifest.lock */ = {
			isa = PBXShellScriptBuildPhase;
			buildActionMask = 2147483647;
			files = (
			);
			inputFileListPaths = (
			);
			inputPaths = (
				"${PODS_PODFILE_DIR_PATH}/Podfile.lock",
				"${PODS_ROOT}/Manifest.lock",
			);
			name = "[CP] Check Pods Manifest.lock";
			outputFileListPaths = (
			);
			outputPaths = (
				"$(DERIVED_FILE_DIR)/Pods-ObjcPodsSample-checkManifestLockResult.txt",
			);
			runOnlyForDeploymentPostprocessing = 0;
			shellPath = /bin/sh;
			shellScript = "diff \"${PODS_PODFILE_DIR_PATH}/Podfile.lock\" \"${PODS_ROOT}/Manifest.lock\" > /dev/null\nif [ $? != 0 ] ; then\n    # print error to STDERR\n    echo \"error: The sandbox is not in sync with the Podfile.lock. Run 'pod install' or update your CocoaPods installation.\" >&2\n    exit 1\nfi\n# This output is used by Xcode 'outputs' to avoid re-running this script phase.\necho \"SUCCESS\" > \"${SCRIPT_OUTPUT_FILE_0}\"\n";
			showEnvVarsInLog = 0;
		};
/* End PBXShellScriptBuildPhase section */

/* Begin PBXSourcesBuildPhase section */
		9D3846B424E4312900F767E4 /* Sources */ = {
			isa = PBXSourcesBuildPhase;
			buildActionMask = 2147483647;
			files = (
				9D3846C324E4312900F767E4 /* ViewController.m in Sources */,
				9D3846BD24E4312900F767E4 /* AppDelegate.m in Sources */,
				9D3846CE24E4312A00F767E4 /* main.m in Sources */,
				9D3846C024E4312900F767E4 /* SceneDelegate.m in Sources */,
			);
			runOnlyForDeploymentPostprocessing = 0;
		};
/* End PBXSourcesBuildPhase section */

/* Begin PBXVariantGroup section */
		9D3846C424E4312900F767E4 /* Main.storyboard */ = {
			isa = PBXVariantGroup;
			children = (
				9D3846C524E4312900F767E4 /* Base */,
			);
			name = Main.storyboard;
			sourceTree = "<group>";
		};
		9D3846C924E4312A00F767E4 /* LaunchScreen.storyboard */ = {
			isa = PBXVariantGroup;
			children = (
				9D3846CA24E4312A00F767E4 /* Base */,
			);
			name = LaunchScreen.storyboard;
			sourceTree = "<group>";
		};
/* End PBXVariantGroup section */

/* Begin XCBuildConfiguration section */
		9D3846CF24E4312A00F767E4 /* Debug */ = {
			isa = XCBuildConfiguration;
			buildSettings = {
				ALWAYS_SEARCH_USER_PATHS = NO;
				CLANG_ANALYZER_NONNULL = YES;
				CLANG_ANALYZER_NUMBER_OBJECT_CONVERSION = YES_AGGRESSIVE;
				CLANG_CXX_LANGUAGE_STANDARD = "gnu++14";
				CLANG_CXX_LIBRARY = "libc++";
				CLANG_ENABLE_MODULES = YES;
				CLANG_ENABLE_OBJC_ARC = YES;
				CLANG_ENABLE_OBJC_WEAK = YES;
				CLANG_WARN_BLOCK_CAPTURE_AUTORELEASING = YES;
				CLANG_WARN_BOOL_CONVERSION = YES;
				CLANG_WARN_COMMA = YES;
				CLANG_WARN_CONSTANT_CONVERSION = YES;
				CLANG_WARN_DEPRECATED_OBJC_IMPLEMENTATIONS = YES;
				CLANG_WARN_DIRECT_OBJC_ISA_USAGE = YES_ERROR;
				CLANG_WARN_DOCUMENTATION_COMMENTS = YES;
				CLANG_WARN_EMPTY_BODY = YES;
				CLANG_WARN_ENUM_CONVERSION = YES;
				CLANG_WARN_INFINITE_RECURSION = YES;
				CLANG_WARN_INT_CONVERSION = YES;
				CLANG_WARN_NON_LITERAL_NULL_CONVERSION = YES;
				CLANG_WARN_OBJC_IMPLICIT_RETAIN_SELF = YES;
				CLANG_WARN_OBJC_LITERAL_CONVERSION = YES;
				CLANG_WARN_OBJC_ROOT_CLASS = YES_ERROR;
				CLANG_WARN_QUOTED_INCLUDE_IN_FRAMEWORK_HEADER = YES;
				CLANG_WARN_RANGE_LOOP_ANALYSIS = YES;
				CLANG_WARN_STRICT_PROTOTYPES = YES;
				CLANG_WARN_SUSPICIOUS_MOVE = YES;
				CLANG_WARN_UNGUARDED_AVAILABILITY = YES_AGGRESSIVE;
				CLANG_WARN_UNREACHABLE_CODE = YES;
				CLANG_WARN__DUPLICATE_METHOD_MATCH = YES;
				COPY_PHASE_STRIP = NO;
				DEBUG_INFORMATION_FORMAT = dwarf;
				ENABLE_STRICT_OBJC_MSGSEND = YES;
				ENABLE_TESTABILITY = YES;
				GCC_C_LANGUAGE_STANDARD = gnu11;
				GCC_DYNAMIC_NO_PIC = NO;
				GCC_NO_COMMON_BLOCKS = YES;
				GCC_OPTIMIZATION_LEVEL = 0;
				GCC_PREPROCESSOR_DEFINITIONS = (
					"DEBUG=1",
					"$(inherited)",
				);
				GCC_WARN_64_TO_32_BIT_CONVERSION = YES;
				GCC_WARN_ABOUT_RETURN_TYPE = YES_ERROR;
				GCC_WARN_UNDECLARED_SELECTOR = YES;
				GCC_WARN_UNINITIALIZED_AUTOS = YES_AGGRESSIVE;
				GCC_WARN_UNUSED_FUNCTION = YES;
				GCC_WARN_UNUSED_VARIABLE = YES;
				IPHONEOS_DEPLOYMENT_TARGET = 14.0;
				MTL_ENABLE_DEBUG_INFO = INCLUDE_SOURCE;
				MTL_FAST_MATH = YES;
				ONLY_ACTIVE_ARCH = YES;
				SDKROOT = iphoneos;
			};
			name = Debug;
		};
		9D3846D024E4312A00F767E4 /* Release */ = {
			isa = XCBuildConfiguration;
			buildSettings = {
				ALWAYS_SEARCH_USER_PATHS = NO;
				CLANG_ANALYZER_NONNULL = YES;
				CLANG_ANALYZER_NUMBER_OBJECT_CONVERSION = YES_AGGRESSIVE;
				CLANG_CXX_LANGUAGE_STANDARD = "gnu++14";
				CLANG_CXX_LIBRARY = "libc++";
				CLANG_ENABLE_MODULES = YES;
				CLANG_ENABLE_OBJC_ARC = YES;
				CLANG_ENABLE_OBJC_WEAK = YES;
				CLANG_WARN_BLOCK_CAPTURE_AUTORELEASING = YES;
				CLANG_WARN_BOOL_CONVERSION = YES;
				CLANG_WARN_COMMA = YES;
				CLANG_WARN_CONSTANT_CONVERSION = YES;
				CLANG_WARN_DEPRECATED_OBJC_IMPLEMENTATIONS = YES;
				CLANG_WARN_DIRECT_OBJC_ISA_USAGE = YES_ERROR;
				CLANG_WARN_DOCUMENTATION_COMMENTS = YES;
				CLANG_WARN_EMPTY_BODY = YES;
				CLANG_WARN_ENUM_CONVERSION = YES;
				CLANG_WARN_INFINITE_RECURSION = YES;
				CLANG_WARN_INT_CONVERSION = YES;
				CLANG_WARN_NON_LITERAL_NULL_CONVERSION = YES;
				CLANG_WARN_OBJC_IMPLICIT_RETAIN_SELF = YES;
				CLANG_WARN_OBJC_LITERAL_CONVERSION = YES;
				CLANG_WARN_OBJC_ROOT_CLASS = YES_ERROR;
				CLANG_WARN_QUOTED_INCLUDE_IN_FRAMEWORK_HEADER = YES;
				CLANG_WARN_RANGE_LOOP_ANALYSIS = YES;
				CLANG_WARN_STRICT_PROTOTYPES = YES;
				CLANG_WARN_SUSPICIOUS_MOVE = YES;
				CLANG_WARN_UNGUARDED_AVAILABILITY = YES_AGGRESSIVE;
				CLANG_WARN_UNREACHABLE_CODE = YES;
				CLANG_WARN__DUPLICATE_METHOD_MATCH = YES;
				COPY_PHASE_STRIP = NO;
				DEBUG_INFORMATION_FORMAT = "dwarf-with-dsym";
				ENABLE_NS_ASSERTIONS = NO;
				ENABLE_STRICT_OBJC_MSGSEND = YES;
				GCC_C_LANGUAGE_STANDARD = gnu11;
				GCC_NO_COMMON_BLOCKS = YES;
				GCC_WARN_64_TO_32_BIT_CONVERSION = YES;
				GCC_WARN_ABOUT_RETURN_TYPE = YES_ERROR;
				GCC_WARN_UNDECLARED_SELECTOR = YES;
				GCC_WARN_UNINITIALIZED_AUTOS = YES_AGGRESSIVE;
				GCC_WARN_UNUSED_FUNCTION = YES;
				GCC_WARN_UNUSED_VARIABLE = YES;
				IPHONEOS_DEPLOYMENT_TARGET = 14.0;
				MTL_ENABLE_DEBUG_INFO = NO;
				MTL_FAST_MATH = YES;
				SDKROOT = iphoneos;
				VALIDATE_PRODUCT = YES;
			};
			name = Release;
		};
		9D3846D224E4312A00F767E4 /* Debug */ = {
			isa = XCBuildConfiguration;
			baseConfigurationReference = 1D3B49A670BC0B5ACE81C1C4 /* Pods-ObjcPodsSample.debug.xcconfig */;
			buildSettings = {
				ASSETCATALOG_COMPILER_APPICON_NAME = AppIcon;
				ASSETCATALOG_COMPILER_GLOBAL_ACCENT_COLOR_NAME = AccentColor;
				CODE_SIGN_STYLE = Automatic;
				DEVELOPMENT_TEAM = 6UQAD4B3U2;
				INFOPLIST_FILE = ObjcPodsSample/Info.plist;
				IPHONEOS_DEPLOYMENT_TARGET = 9.0;
				LD_RUNPATH_SEARCH_PATHS = (
					"$(inherited)",
					"@executable_path/Frameworks",
				);
				PRODUCT_BUNDLE_IDENTIFIER = com.appsflyer.ObjcPodsSample;
				PRODUCT_NAME = "$(TARGET_NAME)";
				TARGETED_DEVICE_FAMILY = "1,2";
			};
			name = Debug;
		};
		9D3846D324E4312A00F767E4 /* Release */ = {
			isa = XCBuildConfiguration;
			baseConfigurationReference = 912730F3B85AB5DA1A3F3EA6 /* Pods-ObjcPodsSample.release.xcconfig */;
			buildSettings = {
				ASSETCATALOG_COMPILER_APPICON_NAME = AppIcon;
				ASSETCATALOG_COMPILER_GLOBAL_ACCENT_COLOR_NAME = AccentColor;
				CODE_SIGN_STYLE = Automatic;
				DEVELOPMENT_TEAM = 6UQAD4B3U2;
				INFOPLIST_FILE = ObjcPodsSample/Info.plist;
				IPHONEOS_DEPLOYMENT_TARGET = 9.0;
				LD_RUNPATH_SEARCH_PATHS = (
					"$(inherited)",
					"@executable_path/Frameworks",
				);
				PRODUCT_BUNDLE_IDENTIFIER = com.appsflyer.ObjcPodsSample;
				PRODUCT_NAME = "$(TARGET_NAME)";
				TARGETED_DEVICE_FAMILY = "1,2";
			};
			name = Release;
		};
/* End XCBuildConfiguration section */

/* Begin XCConfigurationList section */
		9D3846B324E4312800F767E4 /* Build configuration list for PBXProject "ObjcPodsSample" */ = {
			isa = XCConfigurationList;
			buildConfigurations = (
				9D3846CF24E4312A00F767E4 /* Debug */,
				9D3846D024E4312A00F767E4 /* Release */,
			);
			defaultConfigurationIsVisible = 0;
			defaultConfigurationName = Release;
		};
		9D3846D124E4312A00F767E4 /* Build configuration list for PBXNativeTarget "ObjcPodsSample" */ = {
			isa = XCConfigurationList;
			buildConfigurations = (
				9D3846D224E4312A00F767E4 /* Debug */,
				9D3846D324E4312A00F767E4 /* Release */,
			);
			defaultConfigurationIsVisible = 0;
			defaultConfigurationName = Release;
		};
/* End XCConfigurationList section */
	};
	rootObject = 9D3846B024E4312800F767E4 /* Project object */;
}
