// !$*UTF8*$!
{
	archiveVersion = 1;
	classes = {
	};
	objectVersion = 46;
	objects = {

/* Begin PBXBuildFile section */
		943C4E191F7CE3B9000D88B1 /* main.m in Sources */ = {isa = PBXBuildFile; fileRef = 943C4E181F7CE3B9000D88B1 /* main.m */; };
		943C4E1C1F7CE3B9000D88B1 /* AppDelegate.m in Sources */ = {isa = PBXBuildFile; fileRef = 943C4E1B1F7CE3B9000D88B1 /* AppDelegate.m */; };
		943C4E1F1F7CE3B9000D88B1 /* ViewController.m in Sources */ = {isa = PBXBuildFile; fileRef = 943C4E1E1F7CE3B9000D88B1 /* ViewController.m */; };
		943C4E221F7CE3B9000D88B1 /* Main.storyboard in Resources */ = {isa = PBXBuildFile; fileRef = 943C4E201F7CE3B9000D88B1 /* Main.storyboard */; };
		943C4E241F7CE3B9000D88B1 /* Assets.xcassets in Resources */ = {isa = PBXBuildFile; fileRef = 943C4E231F7CE3B9000D88B1 /* Assets.xcassets */; };
/* End PBXBuildFile section */

/* Begin PBXFileReference section */
		943C4E141F7CE3B9000D88B1 /* TestAppSegmentPodsObjCTvOS.app */ = {isa = PBXFileReference; explicitFileType = wrapper.application; includeInIndex = 0; path = TestAppSegmentPodsObjCTvOS.app; sourceTree = BUILT_PRODUCTS_DIR; };
		943C4E181F7CE3B9000D88B1 /* main.m */ = {isa = PBXFileReference; lastKnownFileType = sourcecode.c.objc; path = main.m; sourceTree = "<group>"; };
		943C4E1A1F7CE3B9000D88B1 /* AppDelegate.h */ = {isa = PBXFileReference; lastKnownFileType = sourcecode.c.h; path = AppDelegate.h; sourceTree = "<group>"; };
		943C4E1B1F7CE3B9000D88B1 /* AppDelegate.m */ = {isa = PBXFileReference; lastKnownFileType = sourcecode.c.objc; path = AppDelegate.m; sourceTree = "<group>"; };
		943C4E1D1F7CE3B9000D88B1 /* ViewController.h */ = {isa = PBXFileReference; lastKnownFileType = sourcecode.c.h; path = ViewController.h; sourceTree = "<group>"; };
		943C4E1E1F7CE3B9000D88B1 /* ViewController.m */ = {isa = PBXFileReference; lastKnownFileType = sourcecode.c.objc; path = ViewController.m; sourceTree = "<group>"; };
		943C4E211F7CE3B9000D88B1 /* Base */ = {isa = PBXFileReference; lastKnownFileType = file.storyboard; name = Base; path = Base.lproj/Main.storyboard; sourceTree = "<group>"; };
		943C4E231F7CE3B9000D88B1 /* Assets.xcassets */ = {isa = PBXFileReference; lastKnownFileType = folder.assetcatalog; path = Assets.xcassets; sourceTree = "<group>"; };
		943C4E251F7CE3B9000D88B1 /* Info.plist */ = {isa = PBXFileReference; lastKnownFileType = text.plist.xml; path = Info.plist; sourceTree = "<group>"; };
/* End PBXFileReference section */

/* Begin PBXFrameworksBuildPhase section */
		943C4E111F7CE3B9000D88B1 /* Frameworks */ = {
			isa = PBXFrameworksBuildPhase;
			buildActionMask = 2147483647;
			files = (
			);
			runOnlyForDeploymentPostprocessing = 0;
		};
/* End PBXFrameworksBuildPhase section */

/* Begin PBXGroup section */
		943C4E0B1F7CE3B9000D88B1 = {
			isa = PBXGroup;
			children = (
				943C4E161F7CE3B9000D88B1 /* TestAppSegmentPodsObjCTvOS */,
				943C4E151F7CE3B9000D88B1 /* Products */,
			);
			sourceTree = "<group>";
		};
		943C4E151F7CE3B9000D88B1 /* Products */ = {
			isa = PBXGroup;
			children = (
				943C4E141F7CE3B9000D88B1 /* TestAppSegmentPodsObjCTvOS.app */,
			);
			name = Products;
			sourceTree = "<group>";
		};
		943C4E161F7CE3B9000D88B1 /* TestAppSegmentPodsObjCTvOS */ = {
			isa = PBXGroup;
			children = (
				943C4E1A1F7CE3B9000D88B1 /* AppDelegate.h */,
				943C4E1B1F7CE3B9000D88B1 /* AppDelegate.m */,
				943C4E1D1F7CE3B9000D88B1 /* ViewController.h */,
				943C4E1E1F7CE3B9000D88B1 /* ViewController.m */,
				943C4E201F7CE3B9000D88B1 /* Main.storyboard */,
				943C4E231F7CE3B9000D88B1 /* Assets.xcassets */,
				943C4E251F7CE3B9000D88B1 /* Info.plist */,
				943C4E171F7CE3B9000D88B1 /* Supporting Files */,
			);
			path = TestAppSegmentPodsObjCTvOS;
			sourceTree = "<group>";
		};
		943C4E171F7CE3B9000D88B1 /* Supporting Files */ = {
			isa = PBXGroup;
			children = (
				943C4E181F7CE3B9000D88B1 /* main.m */,
			);
			name = "Supporting Files";
			sourceTree = "<group>";
		};
/* End PBXGroup section */

/* Begin PBXNativeTarget section */
		943C4E131F7CE3B9000D88B1 /* TestAppSegmentPodsObjCTvOS */ = {
			isa = PBXNativeTarget;
			buildConfigurationList = 943C4E281F7CE3B9000D88B1 /* Build configuration list for PBXNativeTarget "TestAppSegmentPodsObjCTvOS" */;
			buildPhases = (
				943C4E101F7CE3B9000D88B1 /* Sources */,
				943C4E111F7CE3B9000D88B1 /* Frameworks */,
				943C4E121F7CE3B9000D88B1 /* Resources */,
			);
			buildRules = (
			);
			dependencies = (
			);
			name = TestAppSegmentPodsObjCTvOS;
			productName = TestAppSegmentPodsObjCTvOS;
			productReference = 943C4E141F7CE3B9000D88B1 /* TestAppSegmentPodsObjCTvOS.app */;
			productType = "com.apple.product-type.application";
		};
/* End PBXNativeTarget section */

/* Begin PBXProject section */
		943C4E0C1F7CE3B9000D88B1 /* Project object */ = {
			isa = PBXProject;
			attributes = {
				LastUpgradeCheck = 0830;
				ORGANIZATIONNAME = "Maxim Shoustin";
				TargetAttributes = {
					943C4E131F7CE3B9000D88B1 = {
						CreatedOnToolsVersion = 8.3.3;
						DevelopmentTeam = 6UQAD4B3U2;
						ProvisioningStyle = Automatic;
					};
				};
			};
			buildConfigurationList = 943C4E0F1F7CE3B9000D88B1 /* Build configuration list for PBXProject "TestAppSegmentPodsObjCTvOS" */;
			compatibilityVersion = "Xcode 3.2";
			developmentRegion = English;
			hasScannedForEncodings = 0;
			knownRegions = (
				en,
				Base,
			);
			mainGroup = 943C4E0B1F7CE3B9000D88B1;
			productRefGroup = 943C4E151F7CE3B9000D88B1 /* Products */;
			projectDirPath = "";
			projectRoot = "";
			targets = (
				943C4E131F7CE3B9000D88B1 /* TestAppSegmentPodsObjCTvOS */,
			);
		};
/* End PBXProject section */

/* Begin PBXResourcesBuildPhase section */
		943C4E121F7CE3B9000D88B1 /* Resources */ = {
			isa = PBXResourcesBuildPhase;
			buildActionMask = 2147483647;
			files = (
				943C4E241F7CE3B9000D88B1 /* Assets.xcassets in Resources */,
				943C4E221F7CE3B9000D88B1 /* Main.storyboard in Resources */,
			);
			runOnlyForDeploymentPostprocessing = 0;
		};
/* End PBXResourcesBuildPhase section */

/* Begin PBXSourcesBuildPhase section */
		943C4E101F7CE3B9000D88B1 /* Sources */ = {
			isa = PBXSourcesBuildPhase;
			buildActionMask = 2147483647;
			files = (
				943C4E1F1F7CE3B9000D88B1 /* ViewController.m in Sources */,
				943C4E1C1F7CE3B9000D88B1 /* AppDelegate.m in Sources */,
				943C4E191F7CE3B9000D88B1 /* main.m in Sources */,
			);
			runOnlyForDeploymentPostprocessing = 0;
		};
/* End PBXSourcesBuildPhase section */

/* Begin PBXVariantGroup section */
		943C4E201F7CE3B9000D88B1 /* Main.storyboard */ = {
			isa = PBXVariantGroup;
			children = (
				943C4E211F7CE3B9000D88B1 /* Base */,
			);
			name = Main.storyboard;
			sourceTree = "<group>";
		};
/* End PBXVariantGroup section */

/* Begin XCBuildConfiguration section */
		943C4E261F7CE3B9000D88B1 /* Debug */ = {
			isa = XCBuildConfiguration;
			buildSettings = {
				ALWAYS_SEARCH_USER_PATHS = NO;
				CLANG_ANALYZER_NONNULL = YES;
				CLANG_ANALYZER_NUMBER_OBJECT_CONVERSION = YES_AGGRESSIVE;
				CLANG_CXX_LANGUAGE_STANDARD = "gnu++0x";
				CLANG_CXX_LIBRARY = "libc++";
				CLANG_ENABLE_MODULES = YES;
				CLANG_ENABLE_OBJC_ARC = YES;
				CLANG_WARN_BOOL_CONVERSION = YES;
				CLANG_WARN_CONSTANT_CONVERSION = YES;
				CLANG_WARN_DIRECT_OBJC_ISA_USAGE = YES_ERROR;
				CLANG_WARN_DOCUMENTATION_COMMENTS = YES;
				CLANG_WARN_EMPTY_BODY = YES;
				CLANG_WARN_ENUM_CONVERSION = YES;
				CLANG_WARN_INFINITE_RECURSION = YES;
				CLANG_WARN_INT_CONVERSION = YES;
				CLANG_WARN_OBJC_ROOT_CLASS = YES_ERROR;
				CLANG_WARN_SUSPICIOUS_MOVE = YES;
				CLANG_WARN_UNREACHABLE_CODE = YES;
				CLANG_WARN__DUPLICATE_METHOD_MATCH = YES;
				COPY_PHASE_STRIP = NO;
				DEBUG_INFORMATION_FORMAT = dwarf;
				ENABLE_STRICT_OBJC_MSGSEND = YES;
				ENABLE_TESTABILITY = YES;
				GCC_C_LANGUAGE_STANDARD = gnu99;
				GCC_DYNAMIC_NO_PIC = NO;
				GCC_NO_COMMON_BLOCKS = YES;
				GCC_OPTIMIZATION_LEVEL = 0;
				GCC_PREPROCESSOR_DEFINITIONS = (
					"DEBUG=1",
					"$(inherited)",
				);
				GCC_WARN_64_TO_32_BIT_CONVERSION = YES;
				GCC_WARN_ABOUT_RETURN_TYPE = YES_ERROR;
				GCC_WARN_UNDECLARED_SELECTOR = YES;
				GCC_WARN_UNINITIALIZED_AUTOS = YES_AGGRESSIVE;
				GCC_WARN_UNUSED_FUNCTION = YES;
				GCC_WARN_UNUSED_VARIABLE = YES;
				MTL_ENABLE_DEBUG_INFO = YES;
				ONLY_ACTIVE_ARCH = YES;
				SDKROOT = appletvos;
				TARGETED_DEVICE_FAMILY = 3;
				TVOS_DEPLOYMENT_TARGET = 10.2;
			};
			name = Debug;
		};
		943C4E271F7CE3B9000D88B1 /* Release */ = {
			isa = XCBuildConfiguration;
			buildSettings = {
				ALWAYS_SEARCH_USER_PATHS = NO;
				CLANG_ANALYZER_NONNULL = YES;
				CLANG_ANALYZER_NUMBER_OBJECT_CONVERSION = YES_AGGRESSIVE;
				CLANG_CXX_LANGUAGE_STANDARD = "gnu++0x";
				CLANG_CXX_LIBRARY = "libc++";
				CLANG_ENABLE_MODULES = YES;
				CLANG_ENABLE_OBJC_ARC = YES;
				CLANG_WARN_BOOL_CONVERSION = YES;
				CLANG_WARN_CONSTANT_CONVERSION = YES;
				CLANG_WARN_DIRECT_OBJC_ISA_USAGE = YES_ERROR;
				CLANG_WARN_DOCUMENTATION_COMMENTS = YES;
				CLANG_WARN_EMPTY_BODY = YES;
				CLANG_WARN_ENUM_CONVERSION = YES;
				CLANG_WARN_INFINITE_RECURSION = YES;
				CLANG_WARN_INT_CONVERSION = YES;
				CLANG_WARN_OBJC_ROOT_CLASS = YES_ERROR;
				CLANG_WARN_SUSPICIOUS_MOVE = YES;
				CLANG_WARN_UNREACHABLE_CODE = YES;
				CLANG_WARN__DUPLICATE_METHOD_MATCH = YES;
				COPY_PHASE_STRIP = NO;
				DEBUG_INFORMATION_FORMAT = "dwarf-with-dsym";
				ENABLE_NS_ASSERTIONS = NO;
				ENABLE_STRICT_OBJC_MSGSEND = YES;
				GCC_C_LANGUAGE_STANDARD = gnu99;
				GCC_NO_COMMON_BLOCKS = YES;
				GCC_WARN_64_TO_32_BIT_CONVERSION = YES;
				GCC_WARN_ABOUT_RETURN_TYPE = YES_ERROR;
				GCC_WARN_UNDECLARED_SELECTOR = YES;
				GCC_WARN_UNINITIALIZED_AUTOS = YES_AGGRESSIVE;
				GCC_WARN_UNUSED_FUNCTION = YES;
				GCC_WARN_UNUSED_VARIABLE = YES;
				MTL_ENABLE_DEBUG_INFO = NO;
				SDKROOT = appletvos;
				TARGETED_DEVICE_FAMILY = 3;
				TVOS_DEPLOYMENT_TARGET = 10.2;
				VALIDATE_PRODUCT = YES;
			};
			name = Release;
		};
		943C4E291F7CE3B9000D88B1 /* Debug */ = {
			isa = XCBuildConfiguration;
			buildSettings = {
				ASSETCATALOG_COMPILER_APPICON_NAME = "App Icon & Top Shelf Image";
				ASSETCATALOG_COMPILER_LAUNCHIMAGE_NAME = LaunchImage;
				DEVELOPMENT_TEAM = 6UQAD4B3U2;
				INFOPLIST_FILE = TestAppSegmentPodsObjCTvOS/Info.plist;
				LD_RUNPATH_SEARCH_PATHS = "$(inherited) @executable_path/Frameworks";
				PRODUCT_BUNDLE_IDENTIFIER = com.appsflyer.TestAppSegmentPodsObjCTvOS;
				PRODUCT_NAME = "$(TARGET_NAME)";
			};
			name = Debug;
		};
		943C4E2A1F7CE3B9000D88B1 /* Release */ = {
			isa = XCBuildConfiguration;
			buildSettings = {
				ASSETCATALOG_COMPILER_APPICON_NAME = "App Icon & Top Shelf Image";
				ASSETCATALOG_COMPILER_LAUNCHIMAGE_NAME = LaunchImage;
				DEVELOPMENT_TEAM = 6UQAD4B3U2;
				INFOPLIST_FILE = TestAppSegmentPodsObjCTvOS/Info.plist;
				LD_RUNPATH_SEARCH_PATHS = "$(inherited) @executable_path/Frameworks";
				PRODUCT_BUNDLE_IDENTIFIER = com.appsflyer.TestAppSegmentPodsObjCTvOS;
				PRODUCT_NAME = "$(TARGET_NAME)";
			};
			name = Release;
		};
/* End XCBuildConfiguration section */

/* Begin XCConfigurationList section */
		943C4E0F1F7CE3B9000D88B1 /* Build configuration list for PBXProject "TestAppSegmentPodsObjCTvOS" */ = {
			isa = XCConfigurationList;
			buildConfigurations = (
				943C4E261F7CE3B9000D88B1 /* Debug */,
				943C4E271F7CE3B9000D88B1 /* Release */,
			);
			defaultConfigurationIsVisible = 0;
			defaultConfigurationName = Release;
		};
		943C4E281F7CE3B9000D88B1 /* Build configuration list for PBXNativeTarget "TestAppSegmentPodsObjCTvOS" */ = {
			isa = XCConfigurationList;
			buildConfigurations = (
				943C4E291F7CE3B9000D88B1 /* Debug */,
				943C4E2A1F7CE3B9000D88B1 /* Release */,
			);
			defaultConfigurationIsVisible = 0;
		};
/* End XCConfigurationList section */
	};
	rootObject = 943C4E0C1F7CE3B9000D88B1 /* Project object */;
}
