// !$*UTF8*$!
{
	archiveVersion = 1;
	classes = {
	};
	objectVersion = 46;
	objects = {

/* Begin PBXBuildFile section */
		9468875F1E9F8EAF000EAC6B /* AppDelegate.swift in Sources */ = {isa = PBXBuildFile; fileRef = 9468875E1E9F8EAF000EAC6B /* AppDelegate.swift */; };
		946887611E9F8EAF000EAC6B /* ViewController.swift in Sources */ = {isa = PBXBuildFile; fileRef = 946887601E9F8EAF000EAC6B /* ViewController.swift */; };
		946887641E9F8EAF000EAC6B /* Main.storyboard in Resources */ = {isa = PBXBuildFile; fileRef = 946887621E9F8EAF000EAC6B /* Main.storyboard */; };
		946887661E9F8EAF000EAC6B /* Assets.xcassets in Resources */ = {isa = PBXBuildFile; fileRef = 946887651E9F8EAF000EAC6B /* Assets.xcassets */; };
		946887691E9F8EAF000EAC6B /* LaunchScreen.storyboard in Resources */ = {isa = PBXBuildFile; fileRef = 946887671E9F8EAF000EAC6B /* LaunchScreen.storyboard */; };
		9468878B1E9F9338000EAC6B /* SEGAppsFlyerIntegration.m in Sources */ = {isa = PBXBuildFile; fileRef = 946887871E9F9338000EAC6B /* SEGAppsFlyerIntegration.m */; };
		9468878C1E9F9338000EAC6B /* SEGAppsFlyerIntegrationFactory.m in Sources */ = {isa = PBXBuildFile; fileRef = 946887891E9F9338000EAC6B /* SEGAppsFlyerIntegrationFactory.m */; };
		CE716DA0EC40B67CBB9FEC3B /* Pods_TestAppSegmentPodsSwift.framework in Frameworks */ = {isa = PBXBuildFile; fileRef = D9309D26C89B9CC4354F1C46 /* Pods_TestAppSegmentPodsSwift.framework */; };
/* End PBXBuildFile section */

/* Begin PBXFileReference section */
		1DBC07BA8ADE1F8E82CDEEFA /* Pods-TestAppSegmentPodsSwift.release.xcconfig */ = {isa = PBXFileReference; includeInIndex = 1; lastKnownFileType = text.xcconfig; name = "Pods-TestAppSegmentPodsSwift.release.xcconfig"; path = "Pods/Target Support Files/Pods-TestAppSegmentPodsSwift/Pods-TestAppSegmentPodsSwift.release.xcconfig"; sourceTree = "<group>"; };
		9468875B1E9F8EAF000EAC6B /* TestAppSegmentPodsSwift.app */ = {isa = PBXFileReference; explicitFileType = wrapper.application; includeInIndex = 0; path = TestAppSegmentPodsSwift.app; sourceTree = BUILT_PRODUCTS_DIR; };
		9468875E1E9F8EAF000EAC6B /* AppDelegate.swift */ = {isa = PBXFileReference; lastKnownFileType = sourcecode.swift; path = AppDelegate.swift; sourceTree = "<group>"; };
		946887601E9F8EAF000EAC6B /* ViewController.swift */ = {isa = PBXFileReference; lastKnownFileType = sourcecode.swift; path = ViewController.swift; sourceTree = "<group>"; };
		946887631E9F8EAF000EAC6B /* Base */ = {isa = PBXFileReference; lastKnownFileType = file.storyboard; name = Base; path = Base.lproj/Main.storyboard; sourceTree = "<group>"; };
		946887651E9F8EAF000EAC6B /* Assets.xcassets */ = {isa = PBXFileReference; lastKnownFileType = folder.assetcatalog; path = Assets.xcassets; sourceTree = "<group>"; };
		946887681E9F8EAF000EAC6B /* Base */ = {isa = PBXFileReference; lastKnownFileType = file.storyboard; name = Base; path = Base.lproj/LaunchScreen.storyboard; sourceTree = "<group>"; };
		9468876A1E9F8EAF000EAC6B /* Info.plist */ = {isa = PBXFileReference; lastKnownFileType = text.plist.xml; path = Info.plist; sourceTree = "<group>"; };
		946887851E9F9337000EAC6B /* TestAppSegmentPodsSwift-Bridging-Header.h */ = {isa = PBXFileReference; lastKnownFileType = sourcecode.c.h; path = "TestAppSegmentPodsSwift-Bridging-Header.h"; sourceTree = "<group>"; };
		946887861E9F9338000EAC6B /* SEGAppsFlyerIntegration.h */ = {isa = PBXFileReference; fileEncoding = 4; lastKnownFileType = sourcecode.c.h; name = SEGAppsFlyerIntegration.h; path = "Pods/segment-appsflyer-ios/segment-appsflyer-ios/Classes/SEGAppsFlyerIntegration.h"; sourceTree = SOURCE_ROOT; };
		946887871E9F9338000EAC6B /* SEGAppsFlyerIntegration.m */ = {isa = PBXFileReference; fileEncoding = 4; lastKnownFileType = sourcecode.c.objc; name = SEGAppsFlyerIntegration.m; path = "Pods/segment-appsflyer-ios/segment-appsflyer-ios/Classes/SEGAppsFlyerIntegration.m"; sourceTree = SOURCE_ROOT; };
		946887881E9F9338000EAC6B /* SEGAppsFlyerIntegrationFactory.h */ = {isa = PBXFileReference; fileEncoding = 4; lastKnownFileType = sourcecode.c.h; name = SEGAppsFlyerIntegrationFactory.h; path = "Pods/segment-appsflyer-ios/segment-appsflyer-ios/Classes/SEGAppsFlyerIntegrationFactory.h"; sourceTree = SOURCE_ROOT; };
		946887891E9F9338000EAC6B /* SEGAppsFlyerIntegrationFactory.m */ = {isa = PBXFileReference; fileEncoding = 4; lastKnownFileType = sourcecode.c.objc; name = SEGAppsFlyerIntegrationFactory.m; path = "Pods/segment-appsflyer-ios/segment-appsflyer-ios/Classes/SEGAppsFlyerIntegrationFactory.m"; sourceTree = SOURCE_ROOT; };
		9468878A1E9F9338000EAC6B /* SegmentAppsFlyeriOS.h */ = {isa = PBXFileReference; fileEncoding = 4; lastKnownFileType = sourcecode.c.h; name = SegmentAppsFlyeriOS.h; path = "Pods/segment-appsflyer-ios/segment-appsflyer-ios/Classes/SegmentAppsFlyeriOS.h"; sourceTree = SOURCE_ROOT; };
		BD9328C8AD06BB4B4DF8E753 /* Pods-TestAppSegmentPodsSwift.debug.xcconfig */ = {isa = PBXFileReference; includeInIndex = 1; lastKnownFileType = text.xcconfig; name = "Pods-TestAppSegmentPodsSwift.debug.xcconfig"; path = "Pods/Target Support Files/Pods-TestAppSegmentPodsSwift/Pods-TestAppSegmentPodsSwift.debug.xcconfig"; sourceTree = "<group>"; };
		D9309D26C89B9CC4354F1C46 /* Pods_TestAppSegmentPodsSwift.framework */ = {isa = PBXFileReference; explicitFileType = wrapper.framework; includeInIndex = 0; path = Pods_TestAppSegmentPodsSwift.framework; sourceTree = BUILT_PRODUCTS_DIR; };
/* End PBXFileReference section */

/* Begin PBXFrameworksBuildPhase section */
		946887581E9F8EAF000EAC6B /* Frameworks */ = {
			isa = PBXFrameworksBuildPhase;
			buildActionMask = 2147483647;
			files = (
				CE716DA0EC40B67CBB9FEC3B /* Pods_TestAppSegmentPodsSwift.framework in Frameworks */,
			);
			runOnlyForDeploymentPostprocessing = 0;
		};
/* End PBXFrameworksBuildPhase section */

/* Begin PBXGroup section */
		7ECC158928A8DAA941E6D71A /* Pods */ = {
			isa = PBXGroup;
			children = (
				BD9328C8AD06BB4B4DF8E753 /* Pods-TestAppSegmentPodsSwift.debug.xcconfig */,
				1DBC07BA8ADE1F8E82CDEEFA /* Pods-TestAppSegmentPodsSwift.release.xcconfig */,
			);
			name = Pods;
			sourceTree = "<group>";
		};
		946887521E9F8EAF000EAC6B = {
			isa = PBXGroup;
			children = (
				9468875D1E9F8EAF000EAC6B /* TestAppSegmentPodsSwift */,
				9468875C1E9F8EAF000EAC6B /* Products */,
				7ECC158928A8DAA941E6D71A /* Pods */,
				F1B9666A1BD303A8FE5B6D31 /* Frameworks */,
			);
			sourceTree = "<group>";
		};
		9468875C1E9F8EAF000EAC6B /* Products */ = {
			isa = PBXGroup;
			children = (
				9468875B1E9F8EAF000EAC6B /* TestAppSegmentPodsSwift.app */,
			);
			name = Products;
			sourceTree = "<group>";
		};
		9468875D1E9F8EAF000EAC6B /* TestAppSegmentPodsSwift */ = {
			isa = PBXGroup;
			children = (
				946887841E9F931C000EAC6B /* bridge */,
				9468875E1E9F8EAF000EAC6B /* AppDelegate.swift */,
				946887601E9F8EAF000EAC6B /* ViewController.swift */,
				946887621E9F8EAF000EAC6B /* Main.storyboard */,
				946887651E9F8EAF000EAC6B /* Assets.xcassets */,
				946887671E9F8EAF000EAC6B /* LaunchScreen.storyboard */,
				9468876A1E9F8EAF000EAC6B /* Info.plist */,
			);
			path = TestAppSegmentPodsSwift;
			sourceTree = "<group>";
		};
		946887841E9F931C000EAC6B /* bridge */ = {
			isa = PBXGroup;
			children = (
				946887861E9F9338000EAC6B /* SEGAppsFlyerIntegration.h */,
				946887871E9F9338000EAC6B /* SEGAppsFlyerIntegration.m */,
				946887881E9F9338000EAC6B /* SEGAppsFlyerIntegrationFactory.h */,
				946887891E9F9338000EAC6B /* SEGAppsFlyerIntegrationFactory.m */,
				9468878A1E9F9338000EAC6B /* SegmentAppsFlyeriOS.h */,
				946887851E9F9337000EAC6B /* TestAppSegmentPodsSwift-Bridging-Header.h */,
			);
			name = bridge;
			sourceTree = "<group>";
		};
		F1B9666A1BD303A8FE5B6D31 /* Frameworks */ = {
			isa = PBXGroup;
			children = (
				D9309D26C89B9CC4354F1C46 /* Pods_TestAppSegmentPodsSwift.framework */,
			);
			name = Frameworks;
			sourceTree = "<group>";
		};
/* End PBXGroup section */

/* Begin PBXNativeTarget section */
		9468875A1E9F8EAF000EAC6B /* TestAppSegmentPodsSwift */ = {
			isa = PBXNativeTarget;
			buildConfigurationList = 9468876D1E9F8EAF000EAC6B /* Build configuration list for PBXNativeTarget "TestAppSegmentPodsSwift" */;
			buildPhases = (
				1DD94B15199CF18FB702127B /* [CP] Check Pods Manifest.lock */,
				946887571E9F8EAF000EAC6B /* Sources */,
				946887581E9F8EAF000EAC6B /* Frameworks */,
				946887591E9F8EAF000EAC6B /* Resources */,
				5E0EB016013F9C791616134F /* [CP] Embed Pods Frameworks */,
				429591CC56A7709D87221D4B /* [CP] Copy Pods Resources */,
			);
			buildRules = (
			);
			dependencies = (
			);
			name = TestAppSegmentPodsSwift;
			productName = TestAppSegmentPodsSwift;
			productReference = 9468875B1E9F8EAF000EAC6B /* TestAppSegmentPodsSwift.app */;
			productType = "com.apple.product-type.application";
		};
/* End PBXNativeTarget section */

/* Begin PBXProject section */
		946887531E9F8EAF000EAC6B /* Project object */ = {
			isa = PBXProject;
			attributes = {
				LastSwiftUpdateCheck = 0830;
				LastUpgradeCheck = 0830;
				ORGANIZATIONNAME = "Maxim Shoustin";
				TargetAttributes = {
					9468875A1E9F8EAF000EAC6B = {
						CreatedOnToolsVersion = 8.3;
						DevelopmentTeam = 6UQAD4B3U2;
						LastSwiftMigration = 0830;
						ProvisioningStyle = Automatic;
					};
				};
			};
			buildConfigurationList = 946887561E9F8EAF000EAC6B /* Build configuration list for PBXProject "TestAppSegmentPodsSwift" */;
			compatibilityVersion = "Xcode 3.2";
			developmentRegion = English;
			hasScannedForEncodings = 0;
			knownRegions = (
				en,
				Base,
			);
			mainGroup = 946887521E9F8EAF000EAC6B;
			productRefGroup = 9468875C1E9F8EAF000EAC6B /* Products */;
			projectDirPath = "";
			projectRoot = "";
			targets = (
				9468875A1E9F8EAF000EAC6B /* TestAppSegmentPodsSwift */,
			);
		};
/* End PBXProject section */

/* Begin PBXResourcesBuildPhase section */
		946887591E9F8EAF000EAC6B /* Resources */ = {
			isa = PBXResourcesBuildPhase;
			buildActionMask = 2147483647;
			files = (
				946887691E9F8EAF000EAC6B /* LaunchScreen.storyboard in Resources */,
				946887661E9F8EAF000EAC6B /* Assets.xcassets in Resources */,
				946887641E9F8EAF000EAC6B /* Main.storyboard in Resources */,
			);
			runOnlyForDeploymentPostprocessing = 0;
		};
/* End PBXResourcesBuildPhase section */

/* Begin PBXShellScriptBuildPhase section */
		1DD94B15199CF18FB702127B /* [CP] Check Pods Manifest.lock */ = {
			isa = PBXShellScriptBuildPhase;
			buildActionMask = 2147483647;
			files = (
			);
			inputPaths = (
			);
			name = "[CP] Check Pods Manifest.lock";
			outputPaths = (
			);
			runOnlyForDeploymentPostprocessing = 0;
			shellPath = /bin/sh;
			shellScript = "diff \"${PODS_ROOT}/../Podfile.lock\" \"${PODS_ROOT}/Manifest.lock\" > /dev/null\nif [ $? != 0 ] ; then\n    # print error to STDERR\n    echo \"error: The sandbox is not in sync with the Podfile.lock. Run 'pod install' or update your CocoaPods installation.\" >&2\n    exit 1\nfi\n";
			showEnvVarsInLog = 0;
		};
		429591CC56A7709D87221D4B /* [CP] Copy Pods Resources */ = {
			isa = PBXShellScriptBuildPhase;
			buildActionMask = 2147483647;
			files = (
			);
			inputPaths = (
			);
			name = "[CP] Copy Pods Resources";
			outputPaths = (
			);
			runOnlyForDeploymentPostprocessing = 0;
			shellPath = /bin/sh;
			shellScript = "\"${SRCROOT}/Pods/Target Support Files/Pods-TestAppSegmentPodsSwift/Pods-TestAppSegmentPodsSwift-resources.sh\"\n";
			showEnvVarsInLog = 0;
		};
		5E0EB016013F9C791616134F /* [CP] Embed Pods Frameworks */ = {
			isa = PBXShellScriptBuildPhase;
			buildActionMask = 2147483647;
			files = (
			);
			inputPaths = (
			);
			name = "[CP] Embed Pods Frameworks";
			outputPaths = (
			);
			runOnlyForDeploymentPostprocessing = 0;
			shellPath = /bin/sh;
			shellScript = "\"${SRCROOT}/Pods/Target Support Files/Pods-TestAppSegmentPodsSwift/Pods-TestAppSegmentPodsSwift-frameworks.sh\"\n";
			showEnvVarsInLog = 0;
		};
/* End PBXShellScriptBuildPhase section */

/* Begin PBXSourcesBuildPhase section */
		946887571E9F8EAF000EAC6B /* Sources */ = {
			isa = PBXSourcesBuildPhase;
			buildActionMask = 2147483647;
			files = (
				9468878C1E9F9338000EAC6B /* SEGAppsFlyerIntegrationFactory.m in Sources */,
				9468878B1E9F9338000EAC6B /* SEGAppsFlyerIntegration.m in Sources */,
				946887611E9F8EAF000EAC6B /* ViewController.swift in Sources */,
				9468875F1E9F8EAF000EAC6B /* AppDelegate.swift in Sources */,
			);
			runOnlyForDeploymentPostprocessing = 0;
		};
/* End PBXSourcesBuildPhase section */

/* Begin PBXVariantGroup section */
		946887621E9F8EAF000EAC6B /* Main.storyboard */ = {
			isa = PBXVariantGroup;
			children = (
				946887631E9F8EAF000EAC6B /* Base */,
			);
			name = Main.storyboard;
			sourceTree = "<group>";
		};
		946887671E9F8EAF000EAC6B /* LaunchScreen.storyboard */ = {
			isa = PBXVariantGroup;
			children = (
				946887681E9F8EAF000EAC6B /* Base */,
			);
			name = LaunchScreen.storyboard;
			sourceTree = "<group>";
		};
/* End PBXVariantGroup section */

/* Begin XCBuildConfiguration section */
		9468876B1E9F8EAF000EAC6B /* Debug */ = {
			isa = XCBuildConfiguration;
			buildSettings = {
				ALWAYS_SEARCH_USER_PATHS = NO;
				CLANG_ANALYZER_NONNULL = YES;
				CLANG_ANALYZER_NUMBER_OBJECT_CONVERSION = YES_AGGRESSIVE;
				CLANG_CXX_LANGUAGE_STANDARD = "gnu++0x";
				CLANG_CXX_LIBRARY = "libc++";
				CLANG_ENABLE_MODULES = YES;
				CLANG_ENABLE_OBJC_ARC = YES;
				CLANG_WARN_BOOL_CONVERSION = YES;
				CLANG_WARN_CONSTANT_CONVERSION = YES;
				CLANG_WARN_DIRECT_OBJC_ISA_USAGE = YES_ERROR;
				CLANG_WARN_DOCUMENTATION_COMMENTS = YES;
				CLANG_WARN_EMPTY_BODY = YES;
				CLANG_WARN_ENUM_CONVERSION = YES;
				CLANG_WARN_INFINITE_RECURSION = YES;
				CLANG_WARN_INT_CONVERSION = YES;
				CLANG_WARN_OBJC_ROOT_CLASS = YES_ERROR;
				CLANG_WARN_SUSPICIOUS_MOVE = YES;
				CLANG_WARN_UNREACHABLE_CODE = YES;
				CLANG_WARN__DUPLICATE_METHOD_MATCH = YES;
				"CODE_SIGN_IDENTITY[sdk=iphoneos*]" = "iPhone Developer";
				COPY_PHASE_STRIP = NO;
				DEBUG_INFORMATION_FORMAT = dwarf;
				ENABLE_STRICT_OBJC_MSGSEND = YES;
				ENABLE_TESTABILITY = YES;
				GCC_C_LANGUAGE_STANDARD = gnu99;
				GCC_DYNAMIC_NO_PIC = NO;
				GCC_NO_COMMON_BLOCKS = YES;
				GCC_OPTIMIZATION_LEVEL = 0;
				GCC_PREPROCESSOR_DEFINITIONS = (
					"DEBUG=1",
					"$(inherited)",
				);
				GCC_WARN_64_TO_32_BIT_CONVERSION = YES;
				GCC_WARN_ABOUT_RETURN_TYPE = YES_ERROR;
				GCC_WARN_UNDECLARED_SELECTOR = YES;
				GCC_WARN_UNINITIALIZED_AUTOS = YES_AGGRESSIVE;
				GCC_WARN_UNUSED_FUNCTION = YES;
				GCC_WARN_UNUSED_VARIABLE = YES;
				IPHONEOS_DEPLOYMENT_TARGET = 10.3;
				MTL_ENABLE_DEBUG_INFO = YES;
				ONLY_ACTIVE_ARCH = YES;
				SDKROOT = iphoneos;
				SWIFT_ACTIVE_COMPILATION_CONDITIONS = DEBUG;
				SWIFT_OPTIMIZATION_LEVEL = "-Onone";
				TARGETED_DEVICE_FAMILY = "1,2";
			};
			name = Debug;
		};
		9468876C1E9F8EAF000EAC6B /* Release */ = {
			isa = XCBuildConfiguration;
			buildSettings = {
				ALWAYS_SEARCH_USER_PATHS = NO;
				CLANG_ANALYZER_NONNULL = YES;
				CLANG_ANALYZER_NUMBER_OBJECT_CONVERSION = YES_AGGRESSIVE;
				CLANG_CXX_LANGUAGE_STANDARD = "gnu++0x";
				CLANG_CXX_LIBRARY = "libc++";
				CLANG_ENABLE_MODULES = YES;
				CLANG_ENABLE_OBJC_ARC = YES;
				CLANG_WARN_BOOL_CONVERSION = YES;
				CLANG_WARN_CONSTANT_CONVERSION = YES;
				CLANG_WARN_DIRECT_OBJC_ISA_USAGE = YES_ERROR;
				CLANG_WARN_DOCUMENTATION_COMMENTS = YES;
				CLANG_WARN_EMPTY_BODY = YES;
				CLANG_WARN_ENUM_CONVERSION = YES;
				CLANG_WARN_INFINITE_RECURSION = YES;
				CLANG_WARN_INT_CONVERSION = YES;
				CLANG_WARN_OBJC_ROOT_CLASS = YES_ERROR;
				CLANG_WARN_SUSPICIOUS_MOVE = YES;
				CLANG_WARN_UNREACHABLE_CODE = YES;
				CLANG_WARN__DUPLICATE_METHOD_MATCH = YES;
				"CODE_SIGN_IDENTITY[sdk=iphoneos*]" = "iPhone Developer";
				COPY_PHASE_STRIP = NO;
				DEBUG_INFORMATION_FORMAT = "dwarf-with-dsym";
				ENABLE_NS_ASSERTIONS = NO;
				ENABLE_STRICT_OBJC_MSGSEND = YES;
				GCC_C_LANGUAGE_STANDARD = gnu99;
				GCC_NO_COMMON_BLOCKS = YES;
				GCC_WARN_64_TO_32_BIT_CONVERSION = YES;
				GCC_WARN_ABOUT_RETURN_TYPE = YES_ERROR;
				GCC_WARN_UNDECLARED_SELECTOR = YES;
				GCC_WARN_UNINITIALIZED_AUTOS = YES_AGGRESSIVE;
				GCC_WARN_UNUSED_FUNCTION = YES;
				GCC_WARN_UNUSED_VARIABLE = YES;
				IPHONEOS_DEPLOYMENT_TARGET = 10.3;
				MTL_ENABLE_DEBUG_INFO = NO;
				SDKROOT = iphoneos;
				SWIFT_OPTIMIZATION_LEVEL = "-Owholemodule";
				TARGETED_DEVICE_FAMILY = "1,2";
				VALIDATE_PRODUCT = YES;
			};
			name = Release;
		};
		9468876E1E9F8EAF000EAC6B /* Debug */ = {
			isa = XCBuildConfiguration;
			baseConfigurationReference = BD9328C8AD06BB4B4DF8E753 /* Pods-TestAppSegmentPodsSwift.debug.xcconfig */;
			buildSettings = {
				ASSETCATALOG_COMPILER_APPICON_NAME = AppIcon;
				CLANG_ENABLE_MODULES = YES;
				DEVELOPMENT_TEAM = 6UQAD4B3U2;
				INFOPLIST_FILE = TestAppSegmentPodsSwift/Info.plist;
				LD_RUNPATH_SEARCH_PATHS = "$(inherited) @executable_path/Frameworks";
				PRODUCT_BUNDLE_IDENTIFIER = com.appsflyer.TestAppSegmentPodsSwift;
				PRODUCT_NAME = "$(TARGET_NAME)";
				SWIFT_OBJC_BRIDGING_HEADER = "TestAppSegmentPodsSwift/TestAppSegmentPodsSwift-Bridging-Header.h";
				SWIFT_OPTIMIZATION_LEVEL = "-Onone";
				SWIFT_VERSION = 3.0;
			};
			name = Debug;
		};
		9468876F1E9F8EAF000EAC6B /* Release */ = {
			isa = XCBuildConfiguration;
			baseConfigurationReference = 1DBC07BA8ADE1F8E82CDEEFA /* Pods-TestAppSegmentPodsSwift.release.xcconfig */;
			buildSettings = {
				ASSETCATALOG_COMPILER_APPICON_NAME = AppIcon;
				CLANG_ENABLE_MODULES = YES;
				DEVELOPMENT_TEAM = 6UQAD4B3U2;
				INFOPLIST_FILE = TestAppSegmentPodsSwift/Info.plist;
				LD_RUNPATH_SEARCH_PATHS = "$(inherited) @executable_path/Frameworks";
				PRODUCT_BUNDLE_IDENTIFIER = com.appsflyer.TestAppSegmentPodsSwift;
				PRODUCT_NAME = "$(TARGET_NAME)";
				SWIFT_OBJC_BRIDGING_HEADER = "TestAppSegmentPodsSwift/TestAppSegmentPodsSwift-Bridging-Header.h";
				SWIFT_VERSION = 3.0;
			};
			name = Release;
		};
/* End XCBuildConfiguration section */

/* Begin XCConfigurationList section */
		946887561E9F8EAF000EAC6B /* Build configuration list for PBXProject "TestAppSegmentPodsSwift" */ = {
			isa = XCConfigurationList;
			buildConfigurations = (
				9468876B1E9F8EAF000EAC6B /* Debug */,
				9468876C1E9F8EAF000EAC6B /* Release */,
			);
			defaultConfigurationIsVisible = 0;
			defaultConfigurationName = Release;
		};
		9468876D1E9F8EAF000EAC6B /* Build configuration list for PBXNativeTarget "TestAppSegmentPodsSwift" */ = {
			isa = XCConfigurationList;
			buildConfigurations = (
				9468876E1E9F8EAF000EAC6B /* Debug */,
				9468876F1E9F8EAF000EAC6B /* Release */,
			);
			defaultConfigurationIsVisible = 0;
			defaultConfigurationName = Release;
		};
/* End XCConfigurationList section */
	};
	rootObject = 946887531E9F8EAF000EAC6B /* Project object */;
}
