// !$*UTF8*$!
{
	archiveVersion = 1;
	classes = {
	};
	objectVersion = 51;
	objects = {

/* Begin PBXBuildFile section */
		954064F38BF10350BB5B1DAC /* Pods_SwiftPodsSample.framework in Frameworks */ = {isa = PBXBuildFile; fileRef = 2D615F2D019A120C8773288D /* Pods_SwiftPodsSample.framework */; };
		9D29F71F24E4081F007A929A /* AppDelegate.swift in Sources */ = {isa = PBXBuildFile; fileRef = 9D29F71E24E4081F007A929A /* AppDelegate.swift */; };
		9D29F72124E4081F007A929A /* SceneDelegate.swift in Sources */ = {isa = PBXBuildFile; fileRef = 9D29F72024E4081F007A929A /* SceneDelegate.swift */; };
		9D29F72324E4081F007A929A /* ViewController.swift in Sources */ = {isa = PBXBuildFile; fileRef = 9D29F72224E4081F007A929A /* ViewController.swift */; };
		9D29F72624E4081F007A929A /* Main.storyboard in Resources */ = {isa = PBXBuildFile; fileRef = 9D29F72424E4081F007A929A /* Main.storyboard */; };
		9D29F72824E40820007A929A /* Assets.xcassets in Resources */ = {isa = PBXBuildFile; fileRef = 9D29F72724E40820007A929A /* Assets.xcassets */; };
		9D29F72B24E40820007A929A /* LaunchScreen.storyboard in Resources */ = {isa = PBXBuildFile; fileRef = 9D29F72924E40820007A929A /* LaunchScreen.storyboard */; };
/* End PBXBuildFile section */

/* Begin PBXFileReference section */
		2D615F2D019A120C8773288D /* Pods_SwiftPodsSample.framework */ = {isa = PBXFileReference; explicitFileType = wrapper.framework; includeInIndex = 0; path = Pods_SwiftPodsSample.framework; sourceTree = BUILT_PRODUCTS_DIR; };
		9D29F71B24E4081F007A929A /* SwiftPodsSample.app */ = {isa = PBXFileReference; explicitFileType = wrapper.application; includeInIndex = 0; path = SwiftPodsSample.app; sourceTree = BUILT_PRODUCTS_DIR; };
		9D29F71E24E4081F007A929A /* AppDelegate.swift */ = {isa = PBXFileReference; lastKnownFileType = sourcecode.swift; path = AppDelegate.swift; sourceTree = "<group>"; };
		9D29F72024E4081F007A929A /* SceneDelegate.swift */ = {isa = PBXFileReference; lastKnownFileType = sourcecode.swift; path = SceneDelegate.swift; sourceTree = "<group>"; };
		9D29F72224E4081F007A929A /* ViewController.swift */ = {isa = PBXFileReference; lastKnownFileType = sourcecode.swift; path = ViewController.swift; sourceTree = "<group>"; };
		9D29F72524E4081F007A929A /* Base */ = {isa = PBXFileReference; lastKnownFileType = file.storyboard; name = Base; path = Base.lproj/Main.storyboard; sourceTree = "<group>"; };
		9D29F72724E40820007A929A /* Assets.xcassets */ = {isa = PBXFileReference; lastKnownFileType = folder.assetcatalog; path = Assets.xcassets; sourceTree = "<group>"; };
		9D29F72A24E40820007A929A /* Base */ = {isa = PBXFileReference; lastKnownFileType = file.storyboard; name = Base; path = Base.lproj/LaunchScreen.storyboard; sourceTree = "<group>"; };
		9D29F72C24E40820007A929A /* Info.plist */ = {isa = PBXFileReference; lastKnownFileType = text.plist.xml; path = Info.plist; sourceTree = "<group>"; };
		9D29F73324E40AE9007A929A /* SEGAppsFlyer-Bridging-Header.h */ = {isa = PBXFileReference; lastKnownFileType = sourcecode.c.h; path = "SEGAppsFlyer-Bridging-Header.h"; sourceTree = "<group>"; };
		9F10C505DB27305DDC0B3EDD /* Pods-SwiftPodsSample.release.xcconfig */ = {isa = PBXFileReference; includeInIndex = 1; lastKnownFileType = text.xcconfig; name = "Pods-SwiftPodsSample.release.xcconfig"; path = "Target Support Files/Pods-SwiftPodsSample/Pods-SwiftPodsSample.release.xcconfig"; sourceTree = "<group>"; };
		D55B32FE162D54FD3F59944C /* Pods-SwiftPodsSample.debug.xcconfig */ = {isa = PBXFileReference; includeInIndex = 1; lastKnownFileType = text.xcconfig; name = "Pods-SwiftPodsSample.debug.xcconfig"; path = "Target Support Files/Pods-SwiftPodsSample/Pods-SwiftPodsSample.debug.xcconfig"; sourceTree = "<group>"; };
/* End PBXFileReference section */

/* Begin PBXFrameworksBuildPhase section */
		9D29F71824E4081F007A929A /* Frameworks */ = {
			isa = PBXFrameworksBuildPhase;
			buildActionMask = 2147483647;
			files = (
				954064F38BF10350BB5B1DAC /* Pods_SwiftPodsSample.framework in Frameworks */,
			);
			runOnlyForDeploymentPostprocessing = 0;
		};
/* End PBXFrameworksBuildPhase section */

/* Begin PBXGroup section */
		0F79FC96964740E7F71E93DB /* Pods */ = {
			isa = PBXGroup;
			children = (
				D55B32FE162D54FD3F59944C /* Pods-SwiftPodsSample.debug.xcconfig */,
				9F10C505DB27305DDC0B3EDD /* Pods-SwiftPodsSample.release.xcconfig */,
			);
			path = Pods;
			sourceTree = "<group>";
		};
		9D29F71224E4081F007A929A = {
			isa = PBXGroup;
			children = (
				9D29F71D24E4081F007A929A /* SwiftPodsSample */,
				9D29F71C24E4081F007A929A /* Products */,
				0F79FC96964740E7F71E93DB /* Pods */,
				B7D7B8199720BBED2B66797A /* Frameworks */,
			);
			sourceTree = "<group>";
		};
		9D29F71C24E4081F007A929A /* Products */ = {
			isa = PBXGroup;
			children = (
				9D29F71B24E4081F007A929A /* SwiftPodsSample.app */,
			);
			name = Products;
			sourceTree = "<group>";
		};
		9D29F71D24E4081F007A929A /* SwiftPodsSample */ = {
			isa = PBXGroup;
			children = (
				9D29F73324E40AE9007A929A /* SEGAppsFlyer-Bridging-Header.h */,
				9D29F71E24E4081F007A929A /* AppDelegate.swift */,
				9D29F72024E4081F007A929A /* SceneDelegate.swift */,
				9D29F72224E4081F007A929A /* ViewController.swift */,
				9D29F72424E4081F007A929A /* Main.storyboard */,
				9D29F72724E40820007A929A /* Assets.xcassets */,
				9D29F72924E40820007A929A /* LaunchScreen.storyboard */,
				9D29F72C24E40820007A929A /* Info.plist */,
			);
			path = SwiftPodsSample;
			sourceTree = "<group>";
		};
		B7D7B8199720BBED2B66797A /* Frameworks */ = {
			isa = PBXGroup;
			children = (
				2D615F2D019A120C8773288D /* Pods_SwiftPodsSample.framework */,
			);
			name = Frameworks;
			sourceTree = "<group>";
		};
/* End PBXGroup section */

/* Begin PBXNativeTarget section */
		9D29F71A24E4081F007A929A /* SwiftPodsSample */ = {
			isa = PBXNativeTarget;
			buildConfigurationList = 9D29F72F24E40820007A929A /* Build configuration list for PBXNativeTarget "SwiftPodsSample" */;
			buildPhases = (
				5CAA34F1351CA1DBE9483CB3 /* [CP] Check Pods Manifest.lock */,
				9D29F71724E4081F007A929A /* Sources */,
				9D29F71824E4081F007A929A /* Frameworks */,
				9D29F71924E4081F007A929A /* Resources */,
				F6332A18B9239844E271B4AD /* [CP] Embed Pods Frameworks */,
			);
			buildRules = (
			);
			dependencies = (
			);
			name = SwiftPodsSample;
			productName = SwiftPodsSample;
			productReference = 9D29F71B24E4081F007A929A /* SwiftPodsSample.app */;
			productType = "com.apple.product-type.application";
		};
/* End PBXNativeTarget section */

/* Begin PBXProject section */
		9D29F71324E4081F007A929A /* Project object */ = {
			isa = PBXProject;
			attributes = {
				LastSwiftUpdateCheck = 1200;
				LastUpgradeCheck = 1200;
				TargetAttributes = {
					9D29F71A24E4081F007A929A = {
						CreatedOnToolsVersion = 12.0;
					};
				};
			};
			buildConfigurationList = 9D29F71624E4081F007A929A /* Build configuration list for PBXProject "SwiftPodsSample" */;
			compatibilityVersion = "Xcode 9.3";
			developmentRegion = en;
			hasScannedForEncodings = 0;
			knownRegions = (
				en,
				Base,
			);
			mainGroup = 9D29F71224E4081F007A929A;
			productRefGroup = 9D29F71C24E4081F007A929A /* Products */;
			projectDirPath = "";
			projectRoot = "";
			targets = (
				9D29F71A24E4081F007A929A /* SwiftPodsSample */,
			);
		};
/* End PBXProject section */

/* Begin PBXResourcesBuildPhase section */
		9D29F71924E4081F007A929A /* Resources */ = {
			isa = PBXResourcesBuildPhase;
			buildActionMask = 2147483647;
			files = (
				9D29F72B24E40820007A929A /* LaunchScreen.storyboard in Resources */,
				9D29F72824E40820007A929A /* Assets.xcassets in Resources */,
				9D29F72624E4081F007A929A /* Main.storyboard in Resources */,
			);
			runOnlyForDeploymentPostprocessing = 0;
		};
/* End PBXResourcesBuildPhase section */

/* Begin PBXShellScriptBuildPhase section */
		5CAA34F1351CA1DBE9483CB3 /* [CP] Check Pods Manifest.lock */ = {
			isa = PBXShellScriptBuildPhase;
			buildActionMask = 2147483647;
			files = (
			);
			inputFileListPaths = (
			);
			inputPaths = (
				"${PODS_PODFILE_DIR_PATH}/Podfile.lock",
				"${PODS_ROOT}/Manifest.lock",
			);
			name = "[CP] Check Pods Manifest.lock";
			outputFileListPaths = (
			);
			outputPaths = (
				"$(DERIVED_FILE_DIR)/Pods-SwiftPodsSample-checkManifestLockResult.txt",
			);
			runOnlyForDeploymentPostprocessing = 0;
			shellPath = /bin/sh;
			shellScript = "diff \"${PODS_PODFILE_DIR_PATH}/Podfile.lock\" \"${PODS_ROOT}/Manifest.lock\" > /dev/null\nif [ $? != 0 ] ; then\n    # print error to STDERR\n    echo \"error: The sandbox is not in sync with the Podfile.lock. Run 'pod install' or update your CocoaPods installation.\" >&2\n    exit 1\nfi\n# This output is used by Xcode 'outputs' to avoid re-running this script phase.\necho \"SUCCESS\" > \"${SCRIPT_OUTPUT_FILE_0}\"\n";
			showEnvVarsInLog = 0;
		};
		F6332A18B9239844E271B4AD /* [CP] Embed Pods Frameworks */ = {
			isa = PBXShellScriptBuildPhase;
			buildActionMask = 2147483647;
			files = (
			);
			inputFileListPaths = (
				"${PODS_ROOT}/Target Support Files/Pods-SwiftPodsSample/Pods-SwiftPodsSample-frameworks-${CONFIGURATION}-input-files.xcfilelist",
			);
			name = "[CP] Embed Pods Frameworks";
			outputFileListPaths = (
				"${PODS_ROOT}/Target Support Files/Pods-SwiftPodsSample/Pods-SwiftPodsSample-frameworks-${CONFIGURATION}-output-files.xcfilelist",
			);
			runOnlyForDeploymentPostprocessing = 0;
			shellPath = /bin/sh;
			shellScript = "\"${PODS_ROOT}/Target Support Files/Pods-SwiftPodsSample/Pods-SwiftPodsSample-frameworks.sh\"\n";
			showEnvVarsInLog = 0;
		};
/* End PBXShellScriptBuildPhase section */

/* Begin PBXSourcesBuildPhase section */
		9D29F71724E4081F007A929A /* Sources */ = {
			isa = PBXSourcesBuildPhase;
			buildActionMask = 2147483647;
			files = (
				9D29F72324E4081F007A929A /* ViewController.swift in Sources */,
				9D29F71F24E4081F007A929A /* AppDelegate.swift in Sources */,
				9D29F72124E4081F007A929A /* SceneDelegate.swift in Sources */,
			);
			runOnlyForDeploymentPostprocessing = 0;
		};
/* End PBXSourcesBuildPhase section */

/* Begin PBXVariantGroup section */
		9D29F72424E4081F007A929A /* Main.storyboard */ = {
			isa = PBXVariantGroup;
			children = (
				9D29F72524E4081F007A929A /* Base */,
			);
			name = Main.storyboard;
			sourceTree = "<group>";
		};
		9D29F72924E40820007A929A /* LaunchScreen.storyboard */ = {
			isa = PBXVariantGroup;
			children = (
				9D29F72A24E40820007A929A /* Base */,
			);
			name = LaunchScreen.storyboard;
			sourceTree = "<group>";
		};
/* End PBXVariantGroup section */

/* Begin XCBuildConfiguration section */
		9D29F72D24E40820007A929A /* Debug */ = {
			isa = XCBuildConfiguration;
			buildSettings = {
				ALWAYS_SEARCH_USER_PATHS = NO;
				CLANG_ANALYZER_NONNULL = YES;
				CLANG_ANALYZER_NUMBER_OBJECT_CONVERSION = YES_AGGRESSIVE;
				CLANG_CXX_LANGUAGE_STANDARD = "gnu++14";
				CLANG_CXX_LIBRARY = "libc++";
				CLANG_ENABLE_MODULES = YES;
				CLANG_ENABLE_OBJC_ARC = YES;
				CLANG_ENABLE_OBJC_WEAK = YES;
				CLANG_WARN_BLOCK_CAPTURE_AUTORELEASING = YES;
				CLANG_WARN_BOOL_CONVERSION = YES;
				CLANG_WARN_COMMA = YES;
				CLANG_WARN_CONSTANT_CONVERSION = YES;
				CLANG_WARN_DEPRECATED_OBJC_IMPLEMENTATIONS = YES;
				CLANG_WARN_DIRECT_OBJC_ISA_USAGE = YES_ERROR;
				CLANG_WARN_DOCUMENTATION_COMMENTS = YES;
				CLANG_WARN_EMPTY_BODY = YES;
				CLANG_WARN_ENUM_CONVERSION = YES;
				CLANG_WARN_INFINITE_RECURSION = YES;
				CLANG_WARN_INT_CONVERSION = YES;
				CLANG_WARN_NON_LITERAL_NULL_CONVERSION = YES;
				CLANG_WARN_OBJC_IMPLICIT_RETAIN_SELF = YES;
				CLANG_WARN_OBJC_LITERAL_CONVERSION = YES;
				CLANG_WARN_OBJC_ROOT_CLASS = YES_ERROR;
				CLANG_WARN_QUOTED_INCLUDE_IN_FRAMEWORK_HEADER = YES;
				CLANG_WARN_RANGE_LOOP_ANALYSIS = YES;
				CLANG_WARN_STRICT_PROTOTYPES = YES;
				CLANG_WARN_SUSPICIOUS_MOVE = YES;
				CLANG_WARN_UNGUARDED_AVAILABILITY = YES_AGGRESSIVE;
				CLANG_WARN_UNREACHABLE_CODE = YES;
				CLANG_WARN__DUPLICATE_METHOD_MATCH = YES;
				COPY_PHASE_STRIP = NO;
				DEBUG_INFORMATION_FORMAT = dwarf;
				ENABLE_STRICT_OBJC_MSGSEND = YES;
				ENABLE_TESTABILITY = YES;
				GCC_C_LANGUAGE_STANDARD = gnu11;
				GCC_DYNAMIC_NO_PIC = NO;
				GCC_NO_COMMON_BLOCKS = YES;
				GCC_OPTIMIZATION_LEVEL = 0;
				GCC_PREPROCESSOR_DEFINITIONS = (
					"DEBUG=1",
					"$(inherited)",
				);
				GCC_WARN_64_TO_32_BIT_CONVERSION = YES;
				GCC_WARN_ABOUT_RETURN_TYPE = YES_ERROR;
				GCC_WARN_UNDECLARED_SELECTOR = YES;
				GCC_WARN_UNINITIALIZED_AUTOS = YES_AGGRESSIVE;
				GCC_WARN_UNUSED_FUNCTION = YES;
				GCC_WARN_UNUSED_VARIABLE = YES;
				IPHONEOS_DEPLOYMENT_TARGET = 14.0;
				MTL_ENABLE_DEBUG_INFO = INCLUDE_SOURCE;
				MTL_FAST_MATH = YES;
				ONLY_ACTIVE_ARCH = YES;
				SDKROOT = iphoneos;
				SWIFT_ACTIVE_COMPILATION_CONDITIONS = DEBUG;
				SWIFT_OPTIMIZATION_LEVEL = "-Onone";
			};
			name = Debug;
		};
		9D29F72E24E40820007A929A /* Release */ = {
			isa = XCBuildConfiguration;
			buildSettings = {
				ALWAYS_SEARCH_USER_PATHS = NO;
				CLANG_ANALYZER_NONNULL = YES;
				CLANG_ANALYZER_NUMBER_OBJECT_CONVERSION = YES_AGGRESSIVE;
				CLANG_CXX_LANGUAGE_STANDARD = "gnu++14";
				CLANG_CXX_LIBRARY = "libc++";
				CLANG_ENABLE_MODULES = YES;
				CLANG_ENABLE_OBJC_ARC = YES;
				CLANG_ENABLE_OBJC_WEAK = YES;
				CLANG_WARN_BLOCK_CAPTURE_AUTORELEASING = YES;
				CLANG_WARN_BOOL_CONVERSION = YES;
				CLANG_WARN_COMMA = YES;
				CLANG_WARN_CONSTANT_CONVERSION = YES;
				CLANG_WARN_DEPRECATED_OBJC_IMPLEMENTATIONS = YES;
				CLANG_WARN_DIRECT_OBJC_ISA_USAGE = YES_ERROR;
				CLANG_WARN_DOCUMENTATION_COMMENTS = YES;
				CLANG_WARN_EMPTY_BODY = YES;
				CLANG_WARN_ENUM_CONVERSION = YES;
				CLANG_WARN_INFINITE_RECURSION = YES;
				CLANG_WARN_INT_CONVERSION = YES;
				CLANG_WARN_NON_LITERAL_NULL_CONVERSION = YES;
				CLANG_WARN_OBJC_IMPLICIT_RETAIN_SELF = YES;
				CLANG_WARN_OBJC_LITERAL_CONVERSION = YES;
				CLANG_WARN_OBJC_ROOT_CLASS = YES_ERROR;
				CLANG_WARN_QUOTED_INCLUDE_IN_FRAMEWORK_HEADER = YES;
				CLANG_WARN_RANGE_LOOP_ANALYSIS = YES;
				CLANG_WARN_STRICT_PROTOTYPES = YES;
				CLANG_WARN_SUSPICIOUS_MOVE = YES;
				CLANG_WARN_UNGUARDED_AVAILABILITY = YES_AGGRESSIVE;
				CLANG_WARN_UNREACHABLE_CODE = YES;
				CLANG_WARN__DUPLICATE_METHOD_MATCH = YES;
				COPY_PHASE_STRIP = NO;
				DEBUG_INFORMATION_FORMAT = "dwarf-with-dsym";
				ENABLE_NS_ASSERTIONS = NO;
				ENABLE_STRICT_OBJC_MSGSEND = YES;
				GCC_C_LANGUAGE_STANDARD = gnu11;
				GCC_NO_COMMON_BLOCKS = YES;
				GCC_WARN_64_TO_32_BIT_CONVERSION = YES;
				GCC_WARN_ABOUT_RETURN_TYPE = YES_ERROR;
				GCC_WARN_UNDECLARED_SELECTOR = YES;
				GCC_WARN_UNINITIALIZED_AUTOS = YES_AGGRESSIVE;
				GCC_WARN_UNUSED_FUNCTION = YES;
				GCC_WARN_UNUSED_VARIABLE = YES;
				IPHONEOS_DEPLOYMENT_TARGET = 14.0;
				MTL_ENABLE_DEBUG_INFO = NO;
				MTL_FAST_MATH = YES;
				SDKROOT = iphoneos;
				SWIFT_COMPILATION_MODE = wholemodule;
				SWIFT_OPTIMIZATION_LEVEL = "-O";
				VALIDATE_PRODUCT = YES;
			};
			name = Release;
		};
		9D29F73024E40820007A929A /* Debug */ = {
			isa = XCBuildConfiguration;
			baseConfigurationReference = D55B32FE162D54FD3F59944C /* Pods-SwiftPodsSample.debug.xcconfig */;
			buildSettings = {
				ASSETCATALOG_COMPILER_APPICON_NAME = AppIcon;
				ASSETCATALOG_COMPILER_GLOBAL_ACCENT_COLOR_NAME = AccentColor;
				CODE_SIGN_STYLE = Automatic;
				DEVELOPMENT_TEAM = 6UQAD4B3U2;
				INFOPLIST_FILE = SwiftPodsSample/Info.plist;
				LD_RUNPATH_SEARCH_PATHS = (
					"$(inherited)",
					"@executable_path/Frameworks",
				);
				PRODUCT_BUNDLE_IDENTIFIER = com.appsflyer.SwiftPodsSample;
				PRODUCT_NAME = "$(TARGET_NAME)";
				SWIFT_OBJC_BRIDGING_HEADER = "SwiftPodsSample/SEGAppsFlyer-Bridging-Header.h";
				SWIFT_VERSION = 5.0;
				TARGETED_DEVICE_FAMILY = "1,2";
			};
			name = Debug;
		};
		9D29F73124E40820007A929A /* Release */ = {
			isa = XCBuildConfiguration;
			baseConfigurationReference = 9F10C505DB27305DDC0B3EDD /* Pods-SwiftPodsSample.release.xcconfig */;
			buildSettings = {
				ASSETCATALOG_COMPILER_APPICON_NAME = AppIcon;
				ASSETCATALOG_COMPILER_GLOBAL_ACCENT_COLOR_NAME = AccentColor;
				CODE_SIGN_STYLE = Automatic;
				DEVELOPMENT_TEAM = 6UQAD4B3U2;
				INFOPLIST_FILE = SwiftPodsSample/Info.plist;
				LD_RUNPATH_SEARCH_PATHS = (
					"$(inherited)",
					"@executable_path/Frameworks",
				);
				PRODUCT_BUNDLE_IDENTIFIER = com.appsflyer.SwiftPodsSample;
				PRODUCT_NAME = "$(TARGET_NAME)";
				SWIFT_OBJC_BRIDGING_HEADER = "SwiftPodsSample/SEGAppsFlyer-Bridging-Header.h";
				SWIFT_VERSION = 5.0;
				TARGETED_DEVICE_FAMILY = "1,2";
			};
			name = Release;
		};
/* End XCBuildConfiguration section */

/* Begin XCConfigurationList section */
		9D29F71624E4081F007A929A /* Build configuration list for PBXProject "SwiftPodsSample" */ = {
			isa = XCConfigurationList;
			buildConfigurations = (
				9D29F72D24E40820007A929A /* Debug */,
				9D29F72E24E40820007A929A /* Release */,
			);
			defaultConfigurationIsVisible = 0;
			defaultConfigurationName = Release;
		};
		9D29F72F24E40820007A929A /* Build configuration list for PBXNativeTarget "SwiftPodsSample" */ = {
			isa = XCConfigurationList;
			buildConfigurations = (
				9D29F73024E40820007A929A /* Debug */,
				9D29F73124E40820007A929A /* Release */,
			);
			defaultConfigurationIsVisible = 0;
			defaultConfigurationName = Release;
		};
/* End XCConfigurationList section */
	};
	rootObject = 9D29F71324E4081F007A929A /* Project object */;
}
