// !$*UTF8*$!
{
	archiveVersion = 1;
	classes = {
	};
	objectVersion = 46;
	objects = {

/* Begin PBXBuildFile section */
		70214B9A46DE6ED3D31132B2 /* libPods-TestAppSegmentObjC.a in Frameworks */ = {isa = PBXBuildFile; fileRef = 483DB32670DEB1801655661C /* libPods-TestAppSegmentObjC.a */; };
		946AA2D81E59BCED00359B07 /* main.m in Sources */ = {isa = PBXBuildFile; fileRef = 946AA2D71E59BCED00359B07 /* main.m */; };
		946AA2DB1E59BCED00359B07 /* AppDelegate.m in Sources */ = {isa = PBXBuildFile; fileRef = 946AA2DA1E59BCED00359B07 /* AppDelegate.m */; };
		946AA2DE1E59BCED00359B07 /* ViewController.m in Sources */ = {isa = PBXBuildFile; fileRef = 946AA2DD1E59BCED00359B07 /* ViewController.m */; };
		946AA2E11E59BCED00359B07 /* Main.storyboard in Resources */ = {isa = PBXBuildFile; fileRef = 946AA2DF1E59BCED00359B07 /* Main.storyboard */; };
		946AA2E31E59BCED00359B07 /* Assets.xcassets in Resources */ = {isa = PBXBuildFile; fileRef = 946AA2E21E59BCED00359B07 /* Assets.xcassets */; };
		946AA2E61E59BCED00359B07 /* LaunchScreen.storyboard in Resources */ = {isa = PBXBuildFile; fileRef = 946AA2E41E59BCED00359B07 /* LaunchScreen.storyboard */; };
		946AA2F31E59BD4900359B07 /* SEGAppsFlyerIntegration.m in Sources */ = {isa = PBXBuildFile; fileRef = 946AA2EF1E59BD4900359B07 /* SEGAppsFlyerIntegration.m */; };
		946AA2F41E59BD4900359B07 /* SegAppsFlyerIntegrationFactory.m in Sources */ = {isa = PBXBuildFile; fileRef = 946AA2F11E59BD4900359B07 /* SegAppsFlyerIntegrationFactory.m */; };
/* End PBXBuildFile section */

/* Begin PBXFileReference section */
		483DB32670DEB1801655661C /* libPods-TestAppSegmentObjC.a */ = {isa = PBXFileReference; explicitFileType = archive.ar; includeInIndex = 0; path = "libPods-TestAppSegmentObjC.a"; sourceTree = BUILT_PRODUCTS_DIR; };
		5B171EADF3C2254A54B867B1 /* Pods-TestAppSegmentObjC.release.xcconfig */ = {isa = PBXFileReference; includeInIndex = 1; lastKnownFileType = text.xcconfig; name = "Pods-TestAppSegmentObjC.release.xcconfig"; path = "Pods/Target Support Files/Pods-TestAppSegmentObjC/Pods-TestAppSegmentObjC.release.xcconfig"; sourceTree = "<group>"; };
		946AA2D31E59BCED00359B07 /* TestAppSegmentObjC.app */ = {isa = PBXFileReference; explicitFileType = wrapper.application; includeInIndex = 0; path = TestAppSegmentObjC.app; sourceTree = BUILT_PRODUCTS_DIR; };
		946AA2D71E59BCED00359B07 /* main.m */ = {isa = PBXFileReference; lastKnownFileType = sourcecode.c.objc; path = main.m; sourceTree = "<group>"; };
		946AA2D91E59BCED00359B07 /* AppDelegate.h */ = {isa = PBXFileReference; lastKnownFileType = sourcecode.c.h; path = AppDelegate.h; sourceTree = "<group>"; };
		946AA2DA1E59BCED00359B07 /* AppDelegate.m */ = {isa = PBXFileReference; lastKnownFileType = sourcecode.c.objc; path = AppDelegate.m; sourceTree = "<group>"; };
		946AA2DC1E59BCED00359B07 /* ViewController.h */ = {isa = PBXFileReference; lastKnownFileType = sourcecode.c.h; path = ViewController.h; sourceTree = "<group>"; };
		946AA2DD1E59BCED00359B07 /* ViewController.m */ = {isa = PBXFileReference; lastKnownFileType = sourcecode.c.objc; path = ViewController.m; sourceTree = "<group>"; };
		946AA2E01E59BCED00359B07 /* Base */ = {isa = PBXFileReference; lastKnownFileType = file.storyboard; name = Base; path = Base.lproj/Main.storyboard; sourceTree = "<group>"; };
		946AA2E21E59BCED00359B07 /* Assets.xcassets */ = {isa = PBXFileReference; lastKnownFileType = folder.assetcatalog; path = Assets.xcassets; sourceTree = "<group>"; };
		946AA2E51E59BCED00359B07 /* Base */ = {isa = PBXFileReference; lastKnownFileType = file.storyboard; name = Base; path = Base.lproj/LaunchScreen.storyboard; sourceTree = "<group>"; };
		946AA2E71E59BCED00359B07 /* Info.plist */ = {isa = PBXFileReference; lastKnownFileType = text.plist.xml; path = Info.plist; sourceTree = "<group>"; };
		946AA2EE1E59BD4900359B07 /* SEGAppsFlyerIntegration.h */ = {isa = PBXFileReference; fileEncoding = 4; lastKnownFileType = sourcecode.c.h; path = SEGAppsFlyerIntegration.h; sourceTree = "<group>"; };
		946AA2EF1E59BD4900359B07 /* SEGAppsFlyerIntegration.m */ = {isa = PBXFileReference; fileEncoding = 4; lastKnownFileType = sourcecode.c.objc; path = SEGAppsFlyerIntegration.m; sourceTree = "<group>"; };
		946AA2F01E59BD4900359B07 /* SegAppsFlyerIntegrationFactory.h */ = {isa = PBXFileReference; fileEncoding = 4; lastKnownFileType = sourcecode.c.h; path = SegAppsFlyerIntegrationFactory.h; sourceTree = "<group>"; };
		946AA2F11E59BD4900359B07 /* SegAppsFlyerIntegrationFactory.m */ = {isa = PBXFileReference; fileEncoding = 4; lastKnownFileType = sourcecode.c.objc; path = SegAppsFlyerIntegrationFactory.m; sourceTree = "<group>"; };
		946AA2F21E59BD4900359B07 /* SegmentAppsFlyeriOS.h */ = {isa = PBXFileReference; fileEncoding = 4; lastKnownFileType = sourcecode.c.h; path = SegmentAppsFlyeriOS.h; sourceTree = "<group>"; };
		D396E81FA8A2350B23551F3E /* Pods-TestAppSegmentObjC.debug.xcconfig */ = {isa = PBXFileReference; includeInIndex = 1; lastKnownFileType = text.xcconfig; name = "Pods-TestAppSegmentObjC.debug.xcconfig"; path = "Pods/Target Support Files/Pods-TestAppSegmentObjC/Pods-TestAppSegmentObjC.debug.xcconfig"; sourceTree = "<group>"; };
/* End PBXFileReference section */

/* Begin PBXFrameworksBuildPhase section */
		946AA2D01E59BCED00359B07 /* Frameworks */ = {
			isa = PBXFrameworksBuildPhase;
			buildActionMask = 2147483647;
			files = (
				70214B9A46DE6ED3D31132B2 /* libPods-TestAppSegmentObjC.a in Frameworks */,
			);
			runOnlyForDeploymentPostprocessing = 0;
		};
/* End PBXFrameworksBuildPhase section */

/* Begin PBXGroup section */
		64391DD7DF93862E60C4C136 /* Frameworks */ = {
			isa = PBXGroup;
			children = (
				483DB32670DEB1801655661C /* libPods-TestAppSegmentObjC.a */,
			);
			name = Frameworks;
			sourceTree = "<group>";
		};
		946AA2CA1E59BCED00359B07 = {
			isa = PBXGroup;
			children = (
				946AA2D51E59BCED00359B07 /* TestAppSegmentObjC */,
				946AA2D41E59BCED00359B07 /* Products */,
				E417350E6626C44B3B9DDE44 /* Pods */,
				64391DD7DF93862E60C4C136 /* Frameworks */,
			);
			sourceTree = "<group>";
		};
		946AA2D41E59BCED00359B07 /* Products */ = {
			isa = PBXGroup;
			children = (
				946AA2D31E59BCED00359B07 /* TestAppSegmentObjC.app */,
			);
			name = Products;
			sourceTree = "<group>";
		};
		946AA2D51E59BCED00359B07 /* TestAppSegmentObjC */ = {
			isa = PBXGroup;
			children = (
				946AA2ED1E59BD3400359B07 /* af_bridge */,
				946AA2D91E59BCED00359B07 /* AppDelegate.h */,
				946AA2DA1E59BCED00359B07 /* AppDelegate.m */,
				946AA2DC1E59BCED00359B07 /* ViewController.h */,
				946AA2DD1E59BCED00359B07 /* ViewController.m */,
				946AA2DF1E59BCED00359B07 /* Main.storyboard */,
				946AA2E21E59BCED00359B07 /* Assets.xcassets */,
				946AA2E41E59BCED00359B07 /* LaunchScreen.storyboard */,
				946AA2E71E59BCED00359B07 /* Info.plist */,
				946AA2D61E59BCED00359B07 /* Supporting Files */,
			);
			path = TestAppSegmentObjC;
			sourceTree = "<group>";
		};
		946AA2D61E59BCED00359B07 /* Supporting Files */ = {
			isa = PBXGroup;
			children = (
				946AA2D71E59BCED00359B07 /* main.m */,
			);
			name = "Supporting Files";
			sourceTree = "<group>";
		};
		946AA2ED1E59BD3400359B07 /* af_bridge */ = {
			isa = PBXGroup;
			children = (
				946AA2EE1E59BD4900359B07 /* SEGAppsFlyerIntegration.h */,
				946AA2EF1E59BD4900359B07 /* SEGAppsFlyerIntegration.m */,
				946AA2F01E59BD4900359B07 /* SegAppsFlyerIntegrationFactory.h */,
				946AA2F11E59BD4900359B07 /* SegAppsFlyerIntegrationFactory.m */,
				946AA2F21E59BD4900359B07 /* SegmentAppsFlyeriOS.h */,
			);
			name = af_bridge;
			sourceTree = "<group>";
		};
		E417350E6626C44B3B9DDE44 /* Pods */ = {
			isa = PBXGroup;
			children = (
				D396E81FA8A2350B23551F3E /* Pods-TestAppSegmentObjC.debug.xcconfig */,
				5B171EADF3C2254A54B867B1 /* Pods-TestAppSegmentObjC.release.xcconfig */,
			);
			name = Pods;
			sourceTree = "<group>";
		};
/* End PBXGroup section */

/* Begin PBXNativeTarget section */
		946AA2D21E59BCED00359B07 /* TestAppSegmentObjC */ = {
			isa = PBXNativeTarget;
			buildConfigurationList = 946AA2EA1E59BCED00359B07 /* Build configuration list for PBXNativeTarget "TestAppSegmentObjC" */;
			buildPhases = (
				E639D8A330A75EE4A0528AAB /* [CP] Check Pods Manifest.lock */,
				946AA2CF1E59BCED00359B07 /* Sources */,
				946AA2D01E59BCED00359B07 /* Frameworks */,
				946AA2D11E59BCED00359B07 /* Resources */,
				F26F6AB022D501E38C3B2D85 /* [CP] Embed Pods Frameworks */,
				BFD29DC305CF018F2D332DDB /* [CP] Copy Pods Resources */,
			);
			buildRules = (
			);
			dependencies = (
			);
			name = TestAppSegmentObjC;
			productName = TestAppSegmentObjC;
			productReference = 946AA2D31E59BCED00359B07 /* TestAppSegmentObjC.app */;
			productType = "com.apple.product-type.application";
		};
/* End PBXNativeTarget section */

/* Begin PBXProject section */
		946AA2CB1E59BCED00359B07 /* Project object */ = {
			isa = PBXProject;
			attributes = {
				LastUpgradeCheck = 0820;
				ORGANIZATIONNAME = "Maxim Shoustin";
				TargetAttributes = {
					946AA2D21E59BCED00359B07 = {
						CreatedOnToolsVersion = 8.2.1;
						DevelopmentTeam = 7HUAHY9BHT;
						ProvisioningStyle = Automatic;
					};
				};
			};
			buildConfigurationList = 946AA2CE1E59BCED00359B07 /* Build configuration list for PBXProject "TestAppSegmentObjC" */;
			compatibilityVersion = "Xcode 3.2";
			developmentRegion = English;
			hasScannedForEncodings = 0;
			knownRegions = (
				en,
				Base,
			);
			mainGroup = 946AA2CA1E59BCED00359B07;
			productRefGroup = 946AA2D41E59BCED00359B07 /* Products */;
			projectDirPath = "";
			projectRoot = "";
			targets = (
				946AA2D21E59BCED00359B07 /* TestAppSegmentObjC */,
			);
		};
/* End PBXProject section */

/* Begin PBXResourcesBuildPhase section */
		946AA2D11E59BCED00359B07 /* Resources */ = {
			isa = PBXResourcesBuildPhase;
			buildActionMask = 2147483647;
			files = (
				946AA2E61E59BCED00359B07 /* LaunchScreen.storyboard in Resources */,
				946AA2E31E59BCED00359B07 /* Assets.xcassets in Resources */,
				946AA2E11E59BCED00359B07 /* Main.storyboard in Resources */,
			);
			runOnlyForDeploymentPostprocessing = 0;
		};
/* End PBXResourcesBuildPhase section */

/* Begin PBXShellScriptBuildPhase section */
		BFD29DC305CF018F2D332DDB /* [CP] Copy Pods Resources */ = {
			isa = PBXShellScriptBuildPhase;
			buildActionMask = 2147483647;
			files = (
			);
			inputPaths = (
			);
			name = "[CP] Copy Pods Resources";
			outputPaths = (
			);
			runOnlyForDeploymentPostprocessing = 0;
			shellPath = /bin/sh;
			shellScript = "\"${SRCROOT}/Pods/Target Support Files/Pods-TestAppSegmentObjC/Pods-TestAppSegmentObjC-resources.sh\"\n";
			showEnvVarsInLog = 0;
		};
		E639D8A330A75EE4A0528AAB /* [CP] Check Pods Manifest.lock */ = {
			isa = PBXShellScriptBuildPhase;
			buildActionMask = 2147483647;
			files = (
			);
			inputPaths = (
			);
			name = "[CP] Check Pods Manifest.lock";
			outputPaths = (
			);
			runOnlyForDeploymentPostprocessing = 0;
			shellPath = /bin/sh;
			shellScript = "diff \"${PODS_ROOT}/../Podfile.lock\" \"${PODS_ROOT}/Manifest.lock\" > /dev/null\nif [ $? != 0 ] ; then\n    # print error to STDERR\n    echo \"error: The sandbox is not in sync with the Podfile.lock. Run \'pod install\' or update your CocoaPods installation.\" >&2\n    exit 1\nfi\n";
			showEnvVarsInLog = 0;
		};
		F26F6AB022D501E38C3B2D85 /* [CP] Embed Pods Frameworks */ = {
			isa = PBXShellScriptBuildPhase;
			buildActionMask = 2147483647;
			files = (
			);
			inputPaths = (
			);
			name = "[CP] Embed Pods Frameworks";
			outputPaths = (
			);
			runOnlyForDeploymentPostprocessing = 0;
			shellPath = /bin/sh;
			shellScript = "\"${SRCROOT}/Pods/Target Support Files/Pods-TestAppSegmentObjC/Pods-TestAppSegmentObjC-frameworks.sh\"\n";
			showEnvVarsInLog = 0;
		};
/* End PBXShellScriptBuildPhase section */

/* Begin PBXSourcesBuildPhase section */
		946AA2CF1E59BCED00359B07 /* Sources */ = {
			isa = PBXSourcesBuildPhase;
			buildActionMask = 2147483647;
			files = (
				946AA2DE1E59BCED00359B07 /* ViewController.m in Sources */,
				946AA2F41E59BD4900359B07 /* SegAppsFlyerIntegrationFactory.m in Sources */,
				946AA2F31E59BD4900359B07 /* SEGAppsFlyerIntegration.m in Sources */,
				946AA2DB1E59BCED00359B07 /* AppDelegate.m in Sources */,
				946AA2D81E59BCED00359B07 /* main.m in Sources */,
			);
			runOnlyForDeploymentPostprocessing = 0;
		};
/* End PBXSourcesBuildPhase section */

/* Begin PBXVariantGroup section */
		946AA2DF1E59BCED00359B07 /* Main.storyboard */ = {
			isa = PBXVariantGroup;
			children = (
				946AA2E01E59BCED00359B07 /* Base */,
			);
			name = Main.storyboard;
			sourceTree = "<group>";
		};
		946AA2E41E59BCED00359B07 /* LaunchScreen.storyboard */ = {
			isa = PBXVariantGroup;
			children = (
				946AA2E51E59BCED00359B07 /* Base */,
			);
			name = LaunchScreen.storyboard;
			sourceTree = "<group>";
		};
/* End PBXVariantGroup section */

/* Begin XCBuildConfiguration section */
		946AA2E81E59BCED00359B07 /* Debug */ = {
			isa = XCBuildConfiguration;
			buildSettings = {
				ALWAYS_SEARCH_USER_PATHS = NO;
				CLANG_ANALYZER_NONNULL = YES;
				CLANG_CXX_LANGUAGE_STANDARD = "gnu++0x";
				CLANG_CXX_LIBRARY = "libc++";
				CLANG_ENABLE_MODULES = YES;
				CLANG_ENABLE_OBJC_ARC = YES;
				CLANG_WARN_BOOL_CONVERSION = YES;
				CLANG_WARN_CONSTANT_CONVERSION = YES;
				CLANG_WARN_DIRECT_OBJC_ISA_USAGE = YES_ERROR;
				CLANG_WARN_DOCUMENTATION_COMMENTS = YES;
				CLANG_WARN_EMPTY_BODY = YES;
				CLANG_WARN_ENUM_CONVERSION = YES;
				CLANG_WARN_INFINITE_RECURSION = YES;
				CLANG_WARN_INT_CONVERSION = YES;
				CLANG_WARN_OBJC_ROOT_CLASS = YES_ERROR;
				CLANG_WARN_SUSPICIOUS_MOVE = YES;
				CLANG_WARN_UNREACHABLE_CODE = YES;
				CLANG_WARN__DUPLICATE_METHOD_MATCH = YES;
				"CODE_SIGN_IDENTITY[sdk=iphoneos*]" = "iPhone Developer";
				COPY_PHASE_STRIP = NO;
				DEBUG_INFORMATION_FORMAT = dwarf;
				ENABLE_STRICT_OBJC_MSGSEND = YES;
				ENABLE_TESTABILITY = YES;
				GCC_C_LANGUAGE_STANDARD = gnu99;
				GCC_DYNAMIC_NO_PIC = NO;
				GCC_NO_COMMON_BLOCKS = YES;
				GCC_OPTIMIZATION_LEVEL = 0;
				GCC_PREPROCESSOR_DEFINITIONS = (
					"DEBUG=1",
					"$(inherited)",
				);
				GCC_WARN_64_TO_32_BIT_CONVERSION = YES;
				GCC_WARN_ABOUT_RETURN_TYPE = YES_ERROR;
				GCC_WARN_UNDECLARED_SELECTOR = YES;
				GCC_WARN_UNINITIALIZED_AUTOS = YES_AGGRESSIVE;
				GCC_WARN_UNUSED_FUNCTION = YES;
				GCC_WARN_UNUSED_VARIABLE = YES;
				IPHONEOS_DEPLOYMENT_TARGET = 10.2;
				MTL_ENABLE_DEBUG_INFO = YES;
				ONLY_ACTIVE_ARCH = YES;
				SDKROOT = iphoneos;
				TARGETED_DEVICE_FAMILY = "1,2";
			};
			name = Debug;
		};
		946AA2E91E59BCED00359B07 /* Release */ = {
			isa = XCBuildConfiguration;
			buildSettings = {
				ALWAYS_SEARCH_USER_PATHS = NO;
				CLANG_ANALYZER_NONNULL = YES;
				CLANG_CXX_LANGUAGE_STANDARD = "gnu++0x";
				CLANG_CXX_LIBRARY = "libc++";
				CLANG_ENABLE_MODULES = YES;
				CLANG_ENABLE_OBJC_ARC = YES;
				CLANG_WARN_BOOL_CONVERSION = YES;
				CLANG_WARN_CONSTANT_CONVERSION = YES;
				CLANG_WARN_DIRECT_OBJC_ISA_USAGE = YES_ERROR;
				CLANG_WARN_DOCUMENTATION_COMMENTS = YES;
				CLANG_WARN_EMPTY_BODY = YES;
				CLANG_WARN_ENUM_CONVERSION = YES;
				CLANG_WARN_INFINITE_RECURSION = YES;
				CLANG_WARN_INT_CONVERSION = YES;
				CLANG_WARN_OBJC_ROOT_CLASS = YES_ERROR;
				CLANG_WARN_SUSPICIOUS_MOVE = YES;
				CLANG_WARN_UNREACHABLE_CODE = YES;
				CLANG_WARN__DUPLICATE_METHOD_MATCH = YES;
				"CODE_SIGN_IDENTITY[sdk=iphoneos*]" = "iPhone Developer";
				COPY_PHASE_STRIP = NO;
				DEBUG_INFORMATION_FORMAT = "dwarf-with-dsym";
				ENABLE_NS_ASSERTIONS = NO;
				ENABLE_STRICT_OBJC_MSGSEND = YES;
				GCC_C_LANGUAGE_STANDARD = gnu99;
				GCC_NO_COMMON_BLOCKS = YES;
				GCC_WARN_64_TO_32_BIT_CONVERSION = YES;
				GCC_WARN_ABOUT_RETURN_TYPE = YES_ERROR;
				GCC_WARN_UNDECLARED_SELECTOR = YES;
				GCC_WARN_UNINITIALIZED_AUTOS = YES_AGGRESSIVE;
				GCC_WARN_UNUSED_FUNCTION = YES;
				GCC_WARN_UNUSED_VARIABLE = YES;
				IPHONEOS_DEPLOYMENT_TARGET = 10.2;
				MTL_ENABLE_DEBUG_INFO = NO;
				SDKROOT = iphoneos;
				TARGETED_DEVICE_FAMILY = "1,2";
				VALIDATE_PRODUCT = YES;
			};
			name = Release;
		};
		946AA2EB1E59BCED00359B07 /* Debug */ = {
			isa = XCBuildConfiguration;
			baseConfigurationReference = D396E81FA8A2350B23551F3E /* Pods-TestAppSegmentObjC.debug.xcconfig */;
			buildSettings = {
				ASSETCATALOG_COMPILER_APPICON_NAME = AppIcon;
				DEVELOPMENT_TEAM = 7HUAHY9BHT;
				INFOPLIST_FILE = TestAppSegmentObjC/Info.plist;
				IPHONEOS_DEPLOYMENT_TARGET = 8.0;
				LD_RUNPATH_SEARCH_PATHS = "$(inherited) @executable_path/Frameworks";
				PRODUCT_BUNDLE_IDENTIFIER = com.appsflyer.test.TestAppSegmentObjC;
				PRODUCT_NAME = "$(TARGET_NAME)";
			};
			name = Debug;
		};
		946AA2EC1E59BCED00359B07 /* Release */ = {
			isa = XCBuildConfiguration;
			baseConfigurationReference = 5B171EADF3C2254A54B867B1 /* Pods-TestAppSegmentObjC.release.xcconfig */;
			buildSettings = {
				ASSETCATALOG_COMPILER_APPICON_NAME = AppIcon;
				DEVELOPMENT_TEAM = 7HUAHY9BHT;
				INFOPLIST_FILE = TestAppSegmentObjC/Info.plist;
				IPHONEOS_DEPLOYMENT_TARGET = 8.0;
				LD_RUNPATH_SEARCH_PATHS = "$(inherited) @executable_path/Frameworks";
				PRODUCT_BUNDLE_IDENTIFIER = com.appsflyer.test.TestAppSegmentObjC;
				PRODUCT_NAME = "$(TARGET_NAME)";
			};
			name = Release;
		};
/* End XCBuildConfiguration section */

/* Begin XCConfigurationList section */
		946AA2CE1E59BCED00359B07 /* Build configuration list for PBXProject "TestAppSegmentObjC" */ = {
			isa = XCConfigurationList;
			buildConfigurations = (
				946AA2E81E59BCED00359B07 /* Debug */,
				946AA2E91E59BCED00359B07 /* Release */,
			);
			defaultConfigurationIsVisible = 0;
			defaultConfigurationName = Release;
		};
		946AA2EA1E59BCED00359B07 /* Build configuration list for PBXNativeTarget "TestAppSegmentObjC" */ = {
			isa = XCConfigurationList;
			buildConfigurations = (
				946AA2EB1E59BCED00359B07 /* Debug */,
				946AA2EC1E59BCED00359B07 /* Release */,
			);
			defaultConfigurationIsVisible = 0;
			defaultConfigurationName = Release;
		};
/* End XCConfigurationList section */
	};
	rootObject = 946AA2CB1E59BCED00359B07 /* Project object */;
}
